{
  "version": 4,
  "terraform_version": "1.11.3",
  "serial": 1312,
  "lineage": "598e7610-14f6-4b9c-18ec-fa8ece467ee1",
  "outputs": {
    "api_gateway_url": {
      "value": "https://b31emm78z4.execute-api.us-west-2.amazonaws.com/dev",
      "type": "string"
    },
    "mongodb_connection_string": {
      "value": "mongodb+srv://mrbapp:zjF5MNeHDeCs9@XBzjF5MNeHDeCs9@XB@momsrecipebox-cluster.vohcix5.mongodb.net/moms_recipe_box?retryWrites=true\u0026w=majority",
      "type": "string",
      "sensitive": true
    },
    "mongodb_srv_address": {
      "value": "mongodb+srv://momsrecipebox-cluster.vohcix5.mongodb.net",
      "type": "string"
    },
    "recipe_images_bucket_url": {
      "value": "https://mrb-recipe-images-dev.s3.amazonaws.com/",
      "type": "string"
    },
    "ui_cloudfront_arn": {
      "value": "arn:aws:cloudfront::491696534851:distribution/E15JMXLPX2IABK",
      "type": "string"
    },
    "ui_cloudfront_distribution_id": {
      "value": "E15JMXLPX2IABK",
      "type": "string"
    },
    "ui_cloudfront_domain_name": {
      "value": "d17a7bunmsfmub.cloudfront.net",
      "type": "string"
    },
    "ui_cloudfront_url": {
      "value": "https://d17a7bunmsfmub.cloudfront.net",
      "type": "string"
    },
    "ui_s3_bucket_arn": {
      "value": "arn:aws:s3:::mrb-ui-hosting-dev",
      "type": "string"
    },
    "ui_s3_bucket_name": {
      "value": "mrb-ui-hosting-dev",
      "type": "string"
    },
    "ui_s3_website_endpoint": {
      "value": "mrb-ui-hosting-dev.s3-website-us-west-2.amazonaws.com",
      "type": "string"
    }
  },
  "resources": [
    {
      "mode": "managed",
      "type": "aws_api_gateway_deployment",
      "name": "app_api_deployment",
      "provider": "provider[\"registry.terraform.io/hashicorp/aws\"]",
      "instances": [
        {
          "index_key": 0,
          "schema_version": 0,
          "attributes": {
            "created_date": "2025-09-25T15:30:14Z",
            "description": "",
            "id": "it8rm6",
            "region": "us-west-2",
            "rest_api_id": "b31emm78z4",
            "triggers": {
              "redeploy": "2025-09-25T15:30:15Z"
            },
            "variables": null
          },
          "sensitive_attributes": [],
          "private": "bnVsbA==",
          "dependencies": [
            "aws_api_gateway_integration.comment_delete_integration",
            "aws_api_gateway_integration.comment_post_integration",
            "aws_api_gateway_integration.comment_put_integration",
            "aws_api_gateway_integration.like_post_integration",
            "aws_api_gateway_integration.recipe_delete_integration",
            "aws_api_gateway_integration.recipe_get_integration",
            "aws_api_gateway_integration.recipe_image_delete_integration",
            "aws_api_gateway_integration.recipe_image_get_integration",
            "aws_api_gateway_integration.recipe_image_put_integration",
            "aws_api_gateway_integration.recipe_put_integration",
            "aws_api_gateway_integration.recipes_get_integration",
            "aws_api_gateway_integration.recipes_options_integration",
            "aws_api_gateway_integration.recipes_post_integration",
            "aws_api_gateway_method.comment_delete",
            "aws_api_gateway_method.comment_post",
            "aws_api_gateway_method.comment_put",
            "aws_api_gateway_method.like_post",
            "aws_api_gateway_method.recipe_delete",
            "aws_api_gateway_method.recipe_get",
            "aws_api_gateway_method.recipe_image_delete",
            "aws_api_gateway_method.recipe_image_get",
            "aws_api_gateway_method.recipe_image_put",
            "aws_api_gateway_method.recipe_put",
            "aws_api_gateway_method.recipes_get",
            "aws_api_gateway_method.recipes_options",
            "aws_api_gateway_method.recipes_post",
            "aws_api_gateway_resource.comment",
            "aws_api_gateway_resource.comment_id",
            "aws_api_gateway_resource.like",
            "aws_api_gateway_resource.recipe",
            "aws_api_gateway_resource.recipe_id",
            "aws_api_gateway_resource.recipe_image",
            "aws_api_gateway_resource.recipes",
            "aws_api_gateway_rest_api.app_api",
            "aws_ecr_repository.app_repo",
            "aws_iam_role.app_lambda_role",
            "aws_lambda_function.app_lambda"
          ],
          "create_before_destroy": true
        }
      ]
    },
    {
      "mode": "managed",
      "type": "aws_api_gateway_integration",
      "name": "comment_delete_integration",
      "provider": "provider[\"registry.terraform.io/hashicorp/aws\"]",
      "instances": [
        {
          "index_key": 0,
          "schema_version": 0,
          "attributes": {
            "cache_key_parameters": [],
            "cache_namespace": "vygjd0",
            "connection_id": "",
            "connection_type": "INTERNET",
            "content_handling": "",
            "credentials": "",
            "http_method": "DELETE",
            "id": "agi-b31emm78z4-vygjd0-DELETE",
            "integration_http_method": "POST",
            "passthrough_behavior": "WHEN_NO_MATCH",
            "region": "us-west-2",
            "request_parameters": {},
            "request_templates": {},
            "resource_id": "vygjd0",
            "rest_api_id": "b31emm78z4",
            "timeout_milliseconds": 29000,
            "tls_config": [],
            "type": "AWS_PROXY",
            "uri": "arn:aws:apigateway:us-west-2:lambda:path/2015-03-31/functions/arn:aws:lambda:us-west-2:491696534851:function:mrb-app-api/invocations"
          },
          "sensitive_attributes": [],
          "private": "bnVsbA==",
          "dependencies": [
            "aws_api_gateway_method.comment_delete",
            "aws_api_gateway_resource.comment",
            "aws_api_gateway_resource.comment_id",
            "aws_api_gateway_resource.recipe",
            "aws_api_gateway_rest_api.app_api",
            "aws_ecr_repository.app_repo",
            "aws_iam_role.app_lambda_role",
            "aws_lambda_function.app_lambda"
          ],
          "create_before_destroy": true
        }
      ]
    },
    {
      "mode": "managed",
      "type": "aws_api_gateway_integration",
      "name": "comment_post_integration",
      "provider": "provider[\"registry.terraform.io/hashicorp/aws\"]",
      "instances": [
        {
          "index_key": 0,
          "schema_version": 0,
          "attributes": {
            "cache_key_parameters": [],
            "cache_namespace": "kwkemo",
            "connection_id": "",
            "connection_type": "INTERNET",
            "content_handling": "",
            "credentials": "",
            "http_method": "POST",
            "id": "agi-b31emm78z4-kwkemo-POST",
            "integration_http_method": "POST",
            "passthrough_behavior": "WHEN_NO_MATCH",
            "region": "us-west-2",
            "request_parameters": {},
            "request_templates": {},
            "resource_id": "kwkemo",
            "rest_api_id": "b31emm78z4",
            "timeout_milliseconds": 29000,
            "tls_config": [],
            "type": "AWS_PROXY",
            "uri": "arn:aws:apigateway:us-west-2:lambda:path/2015-03-31/functions/arn:aws:lambda:us-west-2:491696534851:function:mrb-app-api/invocations"
          },
          "sensitive_attributes": [],
          "private": "bnVsbA==",
          "dependencies": [
            "aws_api_gateway_method.comment_post",
            "aws_api_gateway_resource.comment",
            "aws_api_gateway_resource.recipe",
            "aws_api_gateway_rest_api.app_api",
            "aws_ecr_repository.app_repo",
            "aws_iam_role.app_lambda_role",
            "aws_lambda_function.app_lambda"
          ],
          "create_before_destroy": true
        }
      ]
    },
    {
      "mode": "managed",
      "type": "aws_api_gateway_integration",
      "name": "comment_put_integration",
      "provider": "provider[\"registry.terraform.io/hashicorp/aws\"]",
      "instances": [
        {
          "index_key": 0,
          "schema_version": 0,
          "attributes": {
            "cache_key_parameters": [],
            "cache_namespace": "vygjd0",
            "connection_id": "",
            "connection_type": "INTERNET",
            "content_handling": "",
            "credentials": "",
            "http_method": "PUT",
            "id": "agi-b31emm78z4-vygjd0-PUT",
            "integration_http_method": "POST",
            "passthrough_behavior": "WHEN_NO_MATCH",
            "region": "us-west-2",
            "request_parameters": {},
            "request_templates": {},
            "resource_id": "vygjd0",
            "rest_api_id": "b31emm78z4",
            "timeout_milliseconds": 29000,
            "tls_config": [],
            "type": "AWS_PROXY",
            "uri": "arn:aws:apigateway:us-west-2:lambda:path/2015-03-31/functions/arn:aws:lambda:us-west-2:491696534851:function:mrb-app-api/invocations"
          },
          "sensitive_attributes": [],
          "private": "bnVsbA==",
          "dependencies": [
            "aws_api_gateway_method.comment_put",
            "aws_api_gateway_resource.comment",
            "aws_api_gateway_resource.comment_id",
            "aws_api_gateway_resource.recipe",
            "aws_api_gateway_rest_api.app_api",
            "aws_ecr_repository.app_repo",
            "aws_iam_role.app_lambda_role",
            "aws_lambda_function.app_lambda"
          ],
          "create_before_destroy": true
        }
      ]
    },
    {
      "mode": "managed",
      "type": "aws_api_gateway_integration",
      "name": "like_post_integration",
      "provider": "provider[\"registry.terraform.io/hashicorp/aws\"]",
      "instances": [
        {
          "index_key": 0,
          "schema_version": 0,
          "attributes": {
            "cache_key_parameters": [],
            "cache_namespace": "2qbtb6",
            "connection_id": "",
            "connection_type": "INTERNET",
            "content_handling": "",
            "credentials": "",
            "http_method": "POST",
            "id": "agi-b31emm78z4-2qbtb6-POST",
            "integration_http_method": "POST",
            "passthrough_behavior": "WHEN_NO_MATCH",
            "region": "us-west-2",
            "request_parameters": {},
            "request_templates": {},
            "resource_id": "2qbtb6",
            "rest_api_id": "b31emm78z4",
            "timeout_milliseconds": 29000,
            "tls_config": [],
            "type": "AWS_PROXY",
            "uri": "arn:aws:apigateway:us-west-2:lambda:path/2015-03-31/functions/arn:aws:lambda:us-west-2:491696534851:function:mrb-app-api/invocations"
          },
          "sensitive_attributes": [],
          "private": "bnVsbA==",
          "dependencies": [
            "aws_api_gateway_method.like_post",
            "aws_api_gateway_resource.like",
            "aws_api_gateway_resource.recipe",
            "aws_api_gateway_rest_api.app_api",
            "aws_ecr_repository.app_repo",
            "aws_iam_role.app_lambda_role",
            "aws_lambda_function.app_lambda"
          ],
          "create_before_destroy": true
        }
      ]
    },
    {
      "mode": "managed",
      "type": "aws_api_gateway_integration",
      "name": "recipe_delete_integration",
      "provider": "provider[\"registry.terraform.io/hashicorp/aws\"]",
      "instances": [
        {
          "index_key": 0,
          "schema_version": 0,
          "attributes": {
            "cache_key_parameters": [],
            "cache_namespace": "kmbh9l",
            "connection_id": "",
            "connection_type": "INTERNET",
            "content_handling": "",
            "credentials": "",
            "http_method": "DELETE",
            "id": "agi-b31emm78z4-kmbh9l-DELETE",
            "integration_http_method": "POST",
            "passthrough_behavior": "WHEN_NO_MATCH",
            "region": "us-west-2",
            "request_parameters": {},
            "request_templates": {},
            "resource_id": "kmbh9l",
            "rest_api_id": "b31emm78z4",
            "timeout_milliseconds": 29000,
            "tls_config": [],
            "type": "AWS_PROXY",
            "uri": "arn:aws:apigateway:us-west-2:lambda:path/2015-03-31/functions/arn:aws:lambda:us-west-2:491696534851:function:mrb-app-api/invocations"
          },
          "sensitive_attributes": [],
          "private": "bnVsbA==",
          "dependencies": [
            "aws_api_gateway_method.recipe_delete",
            "aws_api_gateway_resource.recipe",
            "aws_api_gateway_resource.recipe_id",
            "aws_api_gateway_rest_api.app_api",
            "aws_ecr_repository.app_repo",
            "aws_iam_role.app_lambda_role",
            "aws_lambda_function.app_lambda"
          ],
          "create_before_destroy": true
        }
      ]
    },
    {
      "mode": "managed",
      "type": "aws_api_gateway_integration",
      "name": "recipe_get_integration",
      "provider": "provider[\"registry.terraform.io/hashicorp/aws\"]",
      "instances": [
        {
          "index_key": 0,
          "schema_version": 0,
          "attributes": {
            "cache_key_parameters": [],
            "cache_namespace": "kmbh9l",
            "connection_id": "",
            "connection_type": "INTERNET",
            "content_handling": "",
            "credentials": "",
            "http_method": "GET",
            "id": "agi-b31emm78z4-kmbh9l-GET",
            "integration_http_method": "POST",
            "passthrough_behavior": "WHEN_NO_MATCH",
            "region": "us-west-2",
            "request_parameters": {},
            "request_templates": {},
            "resource_id": "kmbh9l",
            "rest_api_id": "b31emm78z4",
            "timeout_milliseconds": 29000,
            "tls_config": [],
            "type": "AWS_PROXY",
            "uri": "arn:aws:apigateway:us-west-2:lambda:path/2015-03-31/functions/arn:aws:lambda:us-west-2:491696534851:function:mrb-app-api/invocations"
          },
          "sensitive_attributes": [],
          "private": "bnVsbA==",
          "dependencies": [
            "aws_api_gateway_method.recipe_get",
            "aws_api_gateway_resource.recipe",
            "aws_api_gateway_resource.recipe_id",
            "aws_api_gateway_rest_api.app_api",
            "aws_ecr_repository.app_repo",
            "aws_iam_role.app_lambda_role",
            "aws_lambda_function.app_lambda"
          ],
          "create_before_destroy": true
        }
      ]
    },
    {
      "mode": "managed",
      "type": "aws_api_gateway_integration",
      "name": "recipe_image_delete_integration",
      "provider": "provider[\"registry.terraform.io/hashicorp/aws\"]",
      "instances": [
        {
          "index_key": 0,
          "schema_version": 0,
          "attributes": {
            "cache_key_parameters": [],
            "cache_namespace": "fejn89",
            "connection_id": "",
            "connection_type": "INTERNET",
            "content_handling": "",
            "credentials": "",
            "http_method": "DELETE",
            "id": "agi-b31emm78z4-fejn89-DELETE",
            "integration_http_method": "POST",
            "passthrough_behavior": "WHEN_NO_MATCH",
            "region": "us-west-2",
            "request_parameters": {},
            "request_templates": {},
            "resource_id": "fejn89",
            "rest_api_id": "b31emm78z4",
            "timeout_milliseconds": 29000,
            "tls_config": [],
            "type": "AWS_PROXY",
            "uri": "arn:aws:apigateway:us-west-2:lambda:path/2015-03-31/functions/arn:aws:lambda:us-west-2:491696534851:function:mrb-app-api/invocations"
          },
          "sensitive_attributes": [],
          "private": "bnVsbA==",
          "dependencies": [
            "aws_api_gateway_method.recipe_image_delete",
            "aws_api_gateway_resource.recipe",
            "aws_api_gateway_resource.recipe_id",
            "aws_api_gateway_resource.recipe_image",
            "aws_api_gateway_rest_api.app_api",
            "aws_ecr_repository.app_repo",
            "aws_iam_role.app_lambda_role",
            "aws_lambda_function.app_lambda"
          ],
          "create_before_destroy": true
        }
      ]
    },
    {
      "mode": "managed",
      "type": "aws_api_gateway_integration",
      "name": "recipe_image_get_integration",
      "provider": "provider[\"registry.terraform.io/hashicorp/aws\"]",
      "instances": [
        {
          "index_key": 0,
          "schema_version": 0,
          "attributes": {
            "cache_key_parameters": [],
            "cache_namespace": "fejn89",
            "connection_id": "",
            "connection_type": "INTERNET",
            "content_handling": "",
            "credentials": "",
            "http_method": "GET",
            "id": "agi-b31emm78z4-fejn89-GET",
            "integration_http_method": "POST",
            "passthrough_behavior": "WHEN_NO_MATCH",
            "region": "us-west-2",
            "request_parameters": {},
            "request_templates": {},
            "resource_id": "fejn89",
            "rest_api_id": "b31emm78z4",
            "timeout_milliseconds": 29000,
            "tls_config": [],
            "type": "AWS_PROXY",
            "uri": "arn:aws:apigateway:us-west-2:lambda:path/2015-03-31/functions/arn:aws:lambda:us-west-2:491696534851:function:mrb-app-api/invocations"
          },
          "sensitive_attributes": [],
          "private": "bnVsbA==",
          "dependencies": [
            "aws_api_gateway_method.recipe_image_get",
            "aws_api_gateway_resource.recipe",
            "aws_api_gateway_resource.recipe_id",
            "aws_api_gateway_resource.recipe_image",
            "aws_api_gateway_rest_api.app_api",
            "aws_ecr_repository.app_repo",
            "aws_iam_role.app_lambda_role",
            "aws_lambda_function.app_lambda"
          ],
          "create_before_destroy": true
        }
      ]
    },
    {
      "mode": "managed",
      "type": "aws_api_gateway_integration",
      "name": "recipe_image_put_integration",
      "provider": "provider[\"registry.terraform.io/hashicorp/aws\"]",
      "instances": [
        {
          "index_key": 0,
          "schema_version": 0,
          "attributes": {
            "cache_key_parameters": [],
            "cache_namespace": "fejn89",
            "connection_id": "",
            "connection_type": "INTERNET",
            "content_handling": "",
            "credentials": "",
            "http_method": "PUT",
            "id": "agi-b31emm78z4-fejn89-PUT",
            "integration_http_method": "POST",
            "passthrough_behavior": "WHEN_NO_MATCH",
            "region": "us-west-2",
            "request_parameters": {},
            "request_templates": {},
            "resource_id": "fejn89",
            "rest_api_id": "b31emm78z4",
            "timeout_milliseconds": 29000,
            "tls_config": [],
            "type": "AWS_PROXY",
            "uri": "arn:aws:apigateway:us-west-2:lambda:path/2015-03-31/functions/arn:aws:lambda:us-west-2:491696534851:function:mrb-app-api/invocations"
          },
          "sensitive_attributes": [],
          "private": "bnVsbA==",
          "dependencies": [
            "aws_api_gateway_method.recipe_image_put",
            "aws_api_gateway_resource.recipe",
            "aws_api_gateway_resource.recipe_id",
            "aws_api_gateway_resource.recipe_image",
            "aws_api_gateway_rest_api.app_api",
            "aws_ecr_repository.app_repo",
            "aws_iam_role.app_lambda_role",
            "aws_lambda_function.app_lambda"
          ],
          "create_before_destroy": true
        }
      ]
    },
    {
      "mode": "managed",
      "type": "aws_api_gateway_integration",
      "name": "recipe_put_integration",
      "provider": "provider[\"registry.terraform.io/hashicorp/aws\"]",
      "instances": [
        {
          "index_key": 0,
          "schema_version": 0,
          "attributes": {
            "cache_key_parameters": [],
            "cache_namespace": "kmbh9l",
            "connection_id": "",
            "connection_type": "INTERNET",
            "content_handling": "",
            "credentials": "",
            "http_method": "PUT",
            "id": "agi-b31emm78z4-kmbh9l-PUT",
            "integration_http_method": "POST",
            "passthrough_behavior": "WHEN_NO_MATCH",
            "region": "us-west-2",
            "request_parameters": {},
            "request_templates": {},
            "resource_id": "kmbh9l",
            "rest_api_id": "b31emm78z4",
            "timeout_milliseconds": 29000,
            "tls_config": [],
            "type": "AWS_PROXY",
            "uri": "arn:aws:apigateway:us-west-2:lambda:path/2015-03-31/functions/arn:aws:lambda:us-west-2:491696534851:function:mrb-app-api/invocations"
          },
          "sensitive_attributes": [],
          "private": "bnVsbA==",
          "dependencies": [
            "aws_api_gateway_method.recipe_put",
            "aws_api_gateway_resource.recipe",
            "aws_api_gateway_resource.recipe_id",
            "aws_api_gateway_rest_api.app_api",
            "aws_ecr_repository.app_repo",
            "aws_iam_role.app_lambda_role",
            "aws_lambda_function.app_lambda"
          ],
          "create_before_destroy": true
        }
      ]
    },
    {
      "mode": "managed",
      "type": "aws_api_gateway_integration",
      "name": "recipes_get_integration",
      "provider": "provider[\"registry.terraform.io/hashicorp/aws\"]",
      "instances": [
        {
          "index_key": 0,
          "schema_version": 0,
          "attributes": {
            "cache_key_parameters": [],
            "cache_namespace": "8sg2vl",
            "connection_id": "",
            "connection_type": "INTERNET",
            "content_handling": "",
            "credentials": "",
            "http_method": "GET",
            "id": "agi-b31emm78z4-8sg2vl-GET",
            "integration_http_method": "POST",
            "passthrough_behavior": "WHEN_NO_MATCH",
            "region": "us-west-2",
            "request_parameters": {},
            "request_templates": {},
            "resource_id": "8sg2vl",
            "rest_api_id": "b31emm78z4",
            "timeout_milliseconds": 29000,
            "tls_config": [],
            "type": "AWS_PROXY",
            "uri": "arn:aws:apigateway:us-west-2:lambda:path/2015-03-31/functions/arn:aws:lambda:us-west-2:491696534851:function:mrb-app-api/invocations"
          },
          "sensitive_attributes": [],
          "private": "bnVsbA==",
          "dependencies": [
            "aws_api_gateway_method.recipes_get",
            "aws_api_gateway_resource.recipes",
            "aws_api_gateway_rest_api.app_api",
            "aws_ecr_repository.app_repo",
            "aws_iam_role.app_lambda_role",
            "aws_lambda_function.app_lambda"
          ],
          "create_before_destroy": true
        }
      ]
    },
    {
      "mode": "managed",
      "type": "aws_api_gateway_integration",
      "name": "recipes_options_integration",
      "provider": "provider[\"registry.terraform.io/hashicorp/aws\"]",
      "instances": [
        {
          "index_key": 0,
          "schema_version": 0,
          "attributes": {
            "cache_key_parameters": null,
            "cache_namespace": "8sg2vl",
            "connection_id": "",
            "connection_type": "INTERNET",
            "content_handling": "",
            "credentials": "",
            "http_method": "OPTIONS",
            "id": "agi-b31emm78z4-8sg2vl-OPTIONS",
            "integration_http_method": "",
            "passthrough_behavior": "WHEN_NO_MATCH",
            "region": "us-west-2",
            "request_parameters": null,
            "request_templates": {
              "application/json": "{\"statusCode\": 200}"
            },
            "resource_id": "8sg2vl",
            "rest_api_id": "b31emm78z4",
            "timeout_milliseconds": 29000,
            "tls_config": [],
            "type": "MOCK",
            "uri": ""
          },
          "sensitive_attributes": [],
          "private": "bnVsbA==",
          "dependencies": [
            "aws_api_gateway_method.recipes_options",
            "aws_api_gateway_resource.recipes",
            "aws_api_gateway_rest_api.app_api"
          ],
          "create_before_destroy": true
        }
      ]
    },
    {
      "mode": "managed",
      "type": "aws_api_gateway_integration",
      "name": "recipes_post_integration",
      "provider": "provider[\"registry.terraform.io/hashicorp/aws\"]",
      "instances": [
        {
          "index_key": 0,
          "schema_version": 0,
          "attributes": {
            "cache_key_parameters": [],
            "cache_namespace": "8sg2vl",
            "connection_id": "",
            "connection_type": "INTERNET",
            "content_handling": "",
            "credentials": "",
            "http_method": "POST",
            "id": "agi-b31emm78z4-8sg2vl-POST",
            "integration_http_method": "POST",
            "passthrough_behavior": "WHEN_NO_MATCH",
            "region": "us-west-2",
            "request_parameters": {},
            "request_templates": {},
            "resource_id": "8sg2vl",
            "rest_api_id": "b31emm78z4",
            "timeout_milliseconds": 29000,
            "tls_config": [],
            "type": "AWS_PROXY",
            "uri": "arn:aws:apigateway:us-west-2:lambda:path/2015-03-31/functions/arn:aws:lambda:us-west-2:491696534851:function:mrb-app-api/invocations"
          },
          "sensitive_attributes": [],
          "private": "bnVsbA==",
          "dependencies": [
            "aws_api_gateway_method.recipes_post",
            "aws_api_gateway_resource.recipes",
            "aws_api_gateway_rest_api.app_api",
            "aws_ecr_repository.app_repo",
            "aws_iam_role.app_lambda_role",
            "aws_lambda_function.app_lambda"
          ],
          "create_before_destroy": true
        }
      ]
    },
    {
      "mode": "managed",
      "type": "aws_api_gateway_integration_response",
      "name": "recipes_options_integration_response",
      "provider": "provider[\"registry.terraform.io/hashicorp/aws\"]",
      "instances": [
        {
          "index_key": 0,
          "schema_version": 0,
          "attributes": {
            "content_handling": "",
            "http_method": "OPTIONS",
            "id": "agir-b31emm78z4-8sg2vl-OPTIONS-200",
            "region": "us-west-2",
            "resource_id": "8sg2vl",
            "response_parameters": {
              "method.response.header.Access-Control-Allow-Headers": "'Content-Type,X-Amz-Date,Authorization,X-Api-Key'",
              "method.response.header.Access-Control-Allow-Methods": "'GET,POST,OPTIONS'",
              "method.response.header.Access-Control-Allow-Origin": "'*'"
            },
            "response_templates": null,
            "rest_api_id": "b31emm78z4",
            "selection_pattern": "",
            "status_code": "200"
          },
          "sensitive_attributes": [],
          "private": "bnVsbA==",
          "dependencies": [
            "aws_api_gateway_integration.recipes_options_integration",
            "aws_api_gateway_method.recipes_options",
            "aws_api_gateway_method_response.recipes_options_response",
            "aws_api_gateway_resource.recipes",
            "aws_api_gateway_rest_api.app_api"
          ]
        }
      ]
    },
    {
      "mode": "managed",
      "type": "aws_api_gateway_method",
      "name": "comment_delete",
      "provider": "provider[\"registry.terraform.io/hashicorp/aws\"]",
      "instances": [
        {
          "index_key": 0,
          "schema_version": 0,
          "attributes": {
            "api_key_required": false,
            "authorization": "NONE",
            "authorization_scopes": [],
            "authorizer_id": "",
            "http_method": "DELETE",
            "id": "agm-b31emm78z4-vygjd0-DELETE",
            "operation_name": "",
            "region": "us-west-2",
            "request_models": {},
            "request_parameters": {},
            "request_validator_id": "",
            "resource_id": "vygjd0",
            "rest_api_id": "b31emm78z4"
          },
          "sensitive_attributes": [],
          "private": "bnVsbA==",
          "dependencies": [
            "aws_api_gateway_resource.comment",
            "aws_api_gateway_resource.comment_id",
            "aws_api_gateway_resource.recipe",
            "aws_api_gateway_rest_api.app_api"
          ],
          "create_before_destroy": true
        }
      ]
    },
    {
      "mode": "managed",
      "type": "aws_api_gateway_method",
      "name": "comment_post",
      "provider": "provider[\"registry.terraform.io/hashicorp/aws\"]",
      "instances": [
        {
          "index_key": 0,
          "schema_version": 0,
          "attributes": {
            "api_key_required": false,
            "authorization": "NONE",
            "authorization_scopes": [],
            "authorizer_id": "",
            "http_method": "POST",
            "id": "agm-b31emm78z4-kwkemo-POST",
            "operation_name": "",
            "region": "us-west-2",
            "request_models": {},
            "request_parameters": {},
            "request_validator_id": "",
            "resource_id": "kwkemo",
            "rest_api_id": "b31emm78z4"
          },
          "sensitive_attributes": [],
          "private": "bnVsbA==",
          "dependencies": [
            "aws_api_gateway_resource.comment",
            "aws_api_gateway_resource.recipe",
            "aws_api_gateway_rest_api.app_api"
          ],
          "create_before_destroy": true
        }
      ]
    },
    {
      "mode": "managed",
      "type": "aws_api_gateway_method",
      "name": "comment_put",
      "provider": "provider[\"registry.terraform.io/hashicorp/aws\"]",
      "instances": [
        {
          "index_key": 0,
          "schema_version": 0,
          "attributes": {
            "api_key_required": false,
            "authorization": "NONE",
            "authorization_scopes": [],
            "authorizer_id": "",
            "http_method": "PUT",
            "id": "agm-b31emm78z4-vygjd0-PUT",
            "operation_name": "",
            "region": "us-west-2",
            "request_models": {},
            "request_parameters": {},
            "request_validator_id": "",
            "resource_id": "vygjd0",
            "rest_api_id": "b31emm78z4"
          },
          "sensitive_attributes": [],
          "private": "bnVsbA==",
          "dependencies": [
            "aws_api_gateway_resource.comment",
            "aws_api_gateway_resource.comment_id",
            "aws_api_gateway_resource.recipe",
            "aws_api_gateway_rest_api.app_api"
          ],
          "create_before_destroy": true
        }
      ]
    },
    {
      "mode": "managed",
      "type": "aws_api_gateway_method",
      "name": "like_post",
      "provider": "provider[\"registry.terraform.io/hashicorp/aws\"]",
      "instances": [
        {
          "index_key": 0,
          "schema_version": 0,
          "attributes": {
            "api_key_required": false,
            "authorization": "NONE",
            "authorization_scopes": [],
            "authorizer_id": "",
            "http_method": "POST",
            "id": "agm-b31emm78z4-2qbtb6-POST",
            "operation_name": "",
            "region": "us-west-2",
            "request_models": {},
            "request_parameters": {},
            "request_validator_id": "",
            "resource_id": "2qbtb6",
            "rest_api_id": "b31emm78z4"
          },
          "sensitive_attributes": [],
          "private": "bnVsbA==",
          "dependencies": [
            "aws_api_gateway_resource.like",
            "aws_api_gateway_resource.recipe",
            "aws_api_gateway_rest_api.app_api"
          ],
          "create_before_destroy": true
        }
      ]
    },
    {
      "mode": "managed",
      "type": "aws_api_gateway_method",
      "name": "recipe_delete",
      "provider": "provider[\"registry.terraform.io/hashicorp/aws\"]",
      "instances": [
        {
          "index_key": 0,
          "schema_version": 0,
          "attributes": {
            "api_key_required": false,
            "authorization": "NONE",
            "authorization_scopes": [],
            "authorizer_id": "",
            "http_method": "DELETE",
            "id": "agm-b31emm78z4-kmbh9l-DELETE",
            "operation_name": "",
            "region": "us-west-2",
            "request_models": {},
            "request_parameters": {},
            "request_validator_id": "",
            "resource_id": "kmbh9l",
            "rest_api_id": "b31emm78z4"
          },
          "sensitive_attributes": [],
          "private": "bnVsbA==",
          "dependencies": [
            "aws_api_gateway_resource.recipe",
            "aws_api_gateway_resource.recipe_id",
            "aws_api_gateway_rest_api.app_api"
          ],
          "create_before_destroy": true
        }
      ]
    },
    {
      "mode": "managed",
      "type": "aws_api_gateway_method",
      "name": "recipe_get",
      "provider": "provider[\"registry.terraform.io/hashicorp/aws\"]",
      "instances": [
        {
          "index_key": 0,
          "schema_version": 0,
          "attributes": {
            "api_key_required": false,
            "authorization": "NONE",
            "authorization_scopes": [],
            "authorizer_id": "",
            "http_method": "GET",
            "id": "agm-b31emm78z4-kmbh9l-GET",
            "operation_name": "",
            "region": "us-west-2",
            "request_models": {},
            "request_parameters": {},
            "request_validator_id": "",
            "resource_id": "kmbh9l",
            "rest_api_id": "b31emm78z4"
          },
          "sensitive_attributes": [],
          "private": "bnVsbA==",
          "dependencies": [
            "aws_api_gateway_resource.recipe",
            "aws_api_gateway_resource.recipe_id",
            "aws_api_gateway_rest_api.app_api"
          ],
          "create_before_destroy": true
        }
      ]
    },
    {
      "mode": "managed",
      "type": "aws_api_gateway_method",
      "name": "recipe_image_delete",
      "provider": "provider[\"registry.terraform.io/hashicorp/aws\"]",
      "instances": [
        {
          "index_key": 0,
          "schema_version": 0,
          "attributes": {
            "api_key_required": false,
            "authorization": "NONE",
            "authorization_scopes": [],
            "authorizer_id": "",
            "http_method": "DELETE",
            "id": "agm-b31emm78z4-fejn89-DELETE",
            "operation_name": "",
            "region": "us-west-2",
            "request_models": {},
            "request_parameters": {},
            "request_validator_id": "",
            "resource_id": "fejn89",
            "rest_api_id": "b31emm78z4"
          },
          "sensitive_attributes": [],
          "private": "bnVsbA==",
          "dependencies": [
            "aws_api_gateway_resource.recipe",
            "aws_api_gateway_resource.recipe_id",
            "aws_api_gateway_resource.recipe_image",
            "aws_api_gateway_rest_api.app_api"
          ],
          "create_before_destroy": true
        }
      ]
    },
    {
      "mode": "managed",
      "type": "aws_api_gateway_method",
      "name": "recipe_image_get",
      "provider": "provider[\"registry.terraform.io/hashicorp/aws\"]",
      "instances": [
        {
          "index_key": 0,
          "schema_version": 0,
          "attributes": {
            "api_key_required": false,
            "authorization": "NONE",
            "authorization_scopes": [],
            "authorizer_id": "",
            "http_method": "GET",
            "id": "agm-b31emm78z4-fejn89-GET",
            "operation_name": "",
            "region": "us-west-2",
            "request_models": {},
            "request_parameters": {},
            "request_validator_id": "",
            "resource_id": "fejn89",
            "rest_api_id": "b31emm78z4"
          },
          "sensitive_attributes": [],
          "private": "bnVsbA==",
          "dependencies": [
            "aws_api_gateway_resource.recipe",
            "aws_api_gateway_resource.recipe_id",
            "aws_api_gateway_resource.recipe_image",
            "aws_api_gateway_rest_api.app_api"
          ],
          "create_before_destroy": true
        }
      ]
    },
    {
      "mode": "managed",
      "type": "aws_api_gateway_method",
      "name": "recipe_image_put",
      "provider": "provider[\"registry.terraform.io/hashicorp/aws\"]",
      "instances": [
        {
          "index_key": 0,
          "schema_version": 0,
          "attributes": {
            "api_key_required": false,
            "authorization": "NONE",
            "authorization_scopes": [],
            "authorizer_id": "",
            "http_method": "PUT",
            "id": "agm-b31emm78z4-fejn89-PUT",
            "operation_name": "",
            "region": "us-west-2",
            "request_models": {},
            "request_parameters": {},
            "request_validator_id": "",
            "resource_id": "fejn89",
            "rest_api_id": "b31emm78z4"
          },
          "sensitive_attributes": [],
          "private": "bnVsbA==",
          "dependencies": [
            "aws_api_gateway_resource.recipe",
            "aws_api_gateway_resource.recipe_id",
            "aws_api_gateway_resource.recipe_image",
            "aws_api_gateway_rest_api.app_api"
          ],
          "create_before_destroy": true
        }
      ]
    },
    {
      "mode": "managed",
      "type": "aws_api_gateway_method",
      "name": "recipe_put",
      "provider": "provider[\"registry.terraform.io/hashicorp/aws\"]",
      "instances": [
        {
          "index_key": 0,
          "schema_version": 0,
          "attributes": {
            "api_key_required": false,
            "authorization": "NONE",
            "authorization_scopes": [],
            "authorizer_id": "",
            "http_method": "PUT",
            "id": "agm-b31emm78z4-kmbh9l-PUT",
            "operation_name": "",
            "region": "us-west-2",
            "request_models": {},
            "request_parameters": {},
            "request_validator_id": "",
            "resource_id": "kmbh9l",
            "rest_api_id": "b31emm78z4"
          },
          "sensitive_attributes": [],
          "private": "bnVsbA==",
          "dependencies": [
            "aws_api_gateway_resource.recipe",
            "aws_api_gateway_resource.recipe_id",
            "aws_api_gateway_rest_api.app_api"
          ],
          "create_before_destroy": true
        }
      ]
    },
    {
      "mode": "managed",
      "type": "aws_api_gateway_method",
      "name": "recipes_get",
      "provider": "provider[\"registry.terraform.io/hashicorp/aws\"]",
      "instances": [
        {
          "index_key": 0,
          "schema_version": 0,
          "attributes": {
            "api_key_required": false,
            "authorization": "NONE",
            "authorization_scopes": [],
            "authorizer_id": "",
            "http_method": "GET",
            "id": "agm-b31emm78z4-8sg2vl-GET",
            "operation_name": "",
            "region": "us-west-2",
            "request_models": {},
            "request_parameters": {},
            "request_validator_id": "",
            "resource_id": "8sg2vl",
            "rest_api_id": "b31emm78z4"
          },
          "sensitive_attributes": [],
          "private": "bnVsbA==",
          "dependencies": [
            "aws_api_gateway_resource.recipes",
            "aws_api_gateway_rest_api.app_api"
          ],
          "create_before_destroy": true
        }
      ]
    },
    {
      "mode": "managed",
      "type": "aws_api_gateway_method",
      "name": "recipes_options",
      "provider": "provider[\"registry.terraform.io/hashicorp/aws\"]",
      "instances": [
        {
          "index_key": 0,
          "schema_version": 0,
          "attributes": {
            "api_key_required": false,
            "authorization": "NONE",
            "authorization_scopes": [],
            "authorizer_id": "",
            "http_method": "OPTIONS",
            "id": "agm-b31emm78z4-8sg2vl-OPTIONS",
            "operation_name": "",
            "region": "us-west-2",
            "request_models": {},
            "request_parameters": {},
            "request_validator_id": "",
            "resource_id": "8sg2vl",
            "rest_api_id": "b31emm78z4"
          },
          "sensitive_attributes": [],
          "private": "bnVsbA==",
          "dependencies": [
            "aws_api_gateway_resource.recipes",
            "aws_api_gateway_rest_api.app_api"
          ],
          "create_before_destroy": true
        }
      ]
    },
    {
      "mode": "managed",
      "type": "aws_api_gateway_method",
      "name": "recipes_post",
      "provider": "provider[\"registry.terraform.io/hashicorp/aws\"]",
      "instances": [
        {
          "index_key": 0,
          "schema_version": 0,
          "attributes": {
            "api_key_required": false,
            "authorization": "NONE",
            "authorization_scopes": [],
            "authorizer_id": "",
            "http_method": "POST",
            "id": "agm-b31emm78z4-8sg2vl-POST",
            "operation_name": "",
            "region": "us-west-2",
            "request_models": {},
            "request_parameters": {},
            "request_validator_id": "",
            "resource_id": "8sg2vl",
            "rest_api_id": "b31emm78z4"
          },
          "sensitive_attributes": [],
          "private": "bnVsbA==",
          "dependencies": [
            "aws_api_gateway_resource.recipes",
            "aws_api_gateway_rest_api.app_api"
          ],
          "create_before_destroy": true
        }
      ]
    },
    {
      "mode": "managed",
      "type": "aws_api_gateway_method_response",
      "name": "recipes_options_response",
      "provider": "provider[\"registry.terraform.io/hashicorp/aws\"]",
      "instances": [
        {
          "index_key": 0,
          "schema_version": 0,
          "attributes": {
            "http_method": "OPTIONS",
            "id": "agmr-b31emm78z4-8sg2vl-OPTIONS-200",
            "region": "us-west-2",
            "resource_id": "8sg2vl",
            "response_models": {
              "application/json": "Empty"
            },
            "response_parameters": {
              "method.response.header.Access-Control-Allow-Headers": true,
              "method.response.header.Access-Control-Allow-Methods": true,
              "method.response.header.Access-Control-Allow-Origin": true
            },
            "rest_api_id": "b31emm78z4",
            "status_code": "200"
          },
          "sensitive_attributes": [],
          "private": "bnVsbA==",
          "dependencies": [
            "aws_api_gateway_method.recipes_options",
            "aws_api_gateway_resource.recipes",
            "aws_api_gateway_rest_api.app_api"
          ]
        }
      ]
    },
    {
      "mode": "managed",
      "type": "aws_api_gateway_resource",
      "name": "comment",
      "provider": "provider[\"registry.terraform.io/hashicorp/aws\"]",
      "instances": [
        {
          "index_key": 0,
          "schema_version": 0,
          "attributes": {
            "id": "kwkemo",
            "parent_id": "bz1se5",
            "path": "/recipe/comment",
            "path_part": "comment",
            "region": "us-west-2",
            "rest_api_id": "b31emm78z4"
          },
          "sensitive_attributes": [],
          "private": "bnVsbA==",
          "dependencies": [
            "aws_api_gateway_resource.recipe",
            "aws_api_gateway_rest_api.app_api"
          ],
          "create_before_destroy": true
        }
      ]
    },
    {
      "mode": "managed",
      "type": "aws_api_gateway_resource",
      "name": "comment_id",
      "provider": "provider[\"registry.terraform.io/hashicorp/aws\"]",
      "instances": [
        {
          "index_key": 0,
          "schema_version": 0,
          "attributes": {
            "id": "vygjd0",
            "parent_id": "kwkemo",
            "path": "/recipe/comment/{comment_id}",
            "path_part": "{comment_id}",
            "region": "us-west-2",
            "rest_api_id": "b31emm78z4"
          },
          "sensitive_attributes": [],
          "private": "bnVsbA==",
          "dependencies": [
            "aws_api_gateway_resource.comment",
            "aws_api_gateway_resource.recipe",
            "aws_api_gateway_rest_api.app_api"
          ],
          "create_before_destroy": true
        }
      ]
    },
    {
      "mode": "managed",
      "type": "aws_api_gateway_resource",
      "name": "like",
      "provider": "provider[\"registry.terraform.io/hashicorp/aws\"]",
      "instances": [
        {
          "index_key": 0,
          "schema_version": 0,
          "attributes": {
            "id": "2qbtb6",
            "parent_id": "bz1se5",
            "path": "/recipe/like",
            "path_part": "like",
            "region": "us-west-2",
            "rest_api_id": "b31emm78z4"
          },
          "sensitive_attributes": [],
          "private": "bnVsbA==",
          "dependencies": [
            "aws_api_gateway_resource.recipe",
            "aws_api_gateway_rest_api.app_api"
          ],
          "create_before_destroy": true
        }
      ]
    },
    {
      "mode": "managed",
      "type": "aws_api_gateway_resource",
      "name": "recipe",
      "provider": "provider[\"registry.terraform.io/hashicorp/aws\"]",
      "instances": [
        {
          "index_key": 0,
          "schema_version": 0,
          "attributes": {
            "id": "bz1se5",
            "parent_id": "b7w844fb5e",
            "path": "/recipe",
            "path_part": "recipe",
            "region": "us-west-2",
            "rest_api_id": "b31emm78z4"
          },
          "sensitive_attributes": [],
          "private": "bnVsbA==",
          "dependencies": [
            "aws_api_gateway_rest_api.app_api"
          ],
          "create_before_destroy": true
        }
      ]
    },
    {
      "mode": "managed",
      "type": "aws_api_gateway_resource",
      "name": "recipe_id",
      "provider": "provider[\"registry.terraform.io/hashicorp/aws\"]",
      "instances": [
        {
          "index_key": 0,
          "schema_version": 0,
          "attributes": {
            "id": "kmbh9l",
            "parent_id": "bz1se5",
            "path": "/recipe/{id}",
            "path_part": "{id}",
            "region": "us-west-2",
            "rest_api_id": "b31emm78z4"
          },
          "sensitive_attributes": [],
          "private": "bnVsbA==",
          "dependencies": [
            "aws_api_gateway_resource.recipe",
            "aws_api_gateway_rest_api.app_api"
          ],
          "create_before_destroy": true
        }
      ]
    },
    {
      "mode": "managed",
      "type": "aws_api_gateway_resource",
      "name": "recipe_image",
      "provider": "provider[\"registry.terraform.io/hashicorp/aws\"]",
      "instances": [
        {
          "index_key": 0,
          "schema_version": 0,
          "attributes": {
            "id": "fejn89",
            "parent_id": "kmbh9l",
            "path": "/recipe/{id}/image",
            "path_part": "image",
            "region": "us-west-2",
            "rest_api_id": "b31emm78z4"
          },
          "sensitive_attributes": [],
          "private": "bnVsbA==",
          "dependencies": [
            "aws_api_gateway_resource.recipe",
            "aws_api_gateway_resource.recipe_id",
            "aws_api_gateway_rest_api.app_api"
          ],
          "create_before_destroy": true
        }
      ]
    },
    {
      "mode": "managed",
      "type": "aws_api_gateway_resource",
      "name": "recipes",
      "provider": "provider[\"registry.terraform.io/hashicorp/aws\"]",
      "instances": [
        {
          "index_key": 0,
          "schema_version": 0,
          "attributes": {
            "id": "8sg2vl",
            "parent_id": "b7w844fb5e",
            "path": "/recipes",
            "path_part": "recipes",
            "region": "us-west-2",
            "rest_api_id": "b31emm78z4"
          },
          "sensitive_attributes": [],
          "private": "bnVsbA==",
          "dependencies": [
            "aws_api_gateway_rest_api.app_api"
          ],
          "create_before_destroy": true
        }
      ]
    },
    {
      "mode": "managed",
      "type": "aws_api_gateway_rest_api",
      "name": "app_api",
      "provider": "provider[\"registry.terraform.io/hashicorp/aws\"]",
      "instances": [
        {
          "index_key": 0,
          "schema_version": 0,
          "attributes": {
            "api_key_source": "HEADER",
            "arn": "arn:aws:apigateway:us-west-2::/restapis/b31emm78z4",
            "binary_media_types": [],
            "body": null,
            "created_date": "2025-09-22T02:04:33Z",
            "description": "API Gateway for Mom's Recipe Box app tier",
            "disable_execute_api_endpoint": false,
            "endpoint_configuration": [
              {
                "ip_address_type": "ipv4",
                "types": [
                  "REGIONAL"
                ],
                "vpc_endpoint_ids": []
              }
            ],
            "execution_arn": "arn:aws:execute-api:us-west-2:491696534851:b31emm78z4",
            "fail_on_warnings": null,
            "id": "b31emm78z4",
            "minimum_compression_size": "",
            "name": "mrb-app-api",
            "parameters": null,
            "policy": "",
            "put_rest_api_mode": null,
            "region": "us-west-2",
            "root_resource_id": "b7w844fb5e",
            "tags": {},
            "tags_all": {}
          },
          "sensitive_attributes": [],
          "private": "bnVsbA==",
          "create_before_destroy": true
        }
      ]
    },
    {
      "mode": "managed",
      "type": "aws_api_gateway_stage",
      "name": "app_api_stage",
      "provider": "provider[\"registry.terraform.io/hashicorp/aws\"]",
      "instances": [
        {
          "index_key": 0,
          "schema_version": 0,
          "attributes": {
            "access_log_settings": [],
            "arn": "arn:aws:apigateway:us-west-2::/restapis/b31emm78z4/stages/dev",
            "cache_cluster_enabled": false,
            "cache_cluster_size": "",
            "canary_settings": [],
            "client_certificate_id": "",
            "deployment_id": "it8rm6",
            "description": "",
            "documentation_version": "",
            "execution_arn": "arn:aws:execute-api:us-west-2:491696534851:b31emm78z4/dev",
            "id": "ags-b31emm78z4-dev",
            "invoke_url": "https://b31emm78z4.execute-api.us-west-2.amazonaws.com/dev",
            "region": "us-west-2",
            "rest_api_id": "b31emm78z4",
            "stage_name": "dev",
            "tags": {},
            "tags_all": {},
            "variables": {},
            "web_acl_arn": "",
            "xray_tracing_enabled": false
          },
          "sensitive_attributes": [],
          "private": "bnVsbA==",
          "dependencies": [
            "aws_api_gateway_deployment.app_api_deployment",
            "aws_api_gateway_integration.comment_delete_integration",
            "aws_api_gateway_integration.comment_post_integration",
            "aws_api_gateway_integration.comment_put_integration",
            "aws_api_gateway_integration.like_post_integration",
            "aws_api_gateway_integration.recipe_delete_integration",
            "aws_api_gateway_integration.recipe_get_integration",
            "aws_api_gateway_integration.recipe_image_delete_integration",
            "aws_api_gateway_integration.recipe_image_get_integration",
            "aws_api_gateway_integration.recipe_image_put_integration",
            "aws_api_gateway_integration.recipe_put_integration",
            "aws_api_gateway_integration.recipes_get_integration",
            "aws_api_gateway_integration.recipes_options_integration",
            "aws_api_gateway_integration.recipes_post_integration",
            "aws_api_gateway_method.comment_delete",
            "aws_api_gateway_method.comment_post",
            "aws_api_gateway_method.comment_put",
            "aws_api_gateway_method.like_post",
            "aws_api_gateway_method.recipe_delete",
            "aws_api_gateway_method.recipe_get",
            "aws_api_gateway_method.recipe_image_delete",
            "aws_api_gateway_method.recipe_image_get",
            "aws_api_gateway_method.recipe_image_put",
            "aws_api_gateway_method.recipe_put",
            "aws_api_gateway_method.recipes_get",
            "aws_api_gateway_method.recipes_options",
            "aws_api_gateway_method.recipes_post",
            "aws_api_gateway_resource.comment",
            "aws_api_gateway_resource.comment_id",
            "aws_api_gateway_resource.like",
            "aws_api_gateway_resource.recipe",
            "aws_api_gateway_resource.recipe_id",
            "aws_api_gateway_resource.recipe_image",
            "aws_api_gateway_resource.recipes",
            "aws_api_gateway_rest_api.app_api",
            "aws_ecr_repository.app_repo",
            "aws_iam_role.app_lambda_role",
            "aws_lambda_function.app_lambda"
          ]
        }
      ]
    },
    {
      "mode": "managed",
      "type": "aws_cloudfront_cache_policy",
      "name": "static_assets",
      "provider": "provider[\"registry.terraform.io/hashicorp/aws\"]",
      "instances": [
        {
          "schema_version": 0,
          "attributes": {
            "arn": "arn:aws:cloudfront::491696534851:cache-policy/f08a1877-2e13-4b65-ab35-e7df752e0350",
            "comment": "Cache policy for MRB static assets with long TTL",
            "default_ttl": 31536000,
            "etag": "E23ZP02F085DFQ",
            "id": "f08a1877-2e13-4b65-ab35-e7df752e0350",
            "max_ttl": 31536000,
            "min_ttl": 31536000,
            "name": "mrb-static-assets-cache-policy",
            "parameters_in_cache_key_and_forwarded_to_origin": [
              {
                "cookies_config": [
                  {
                    "cookie_behavior": "none",
                    "cookies": []
                  }
                ],
                "enable_accept_encoding_brotli": true,
                "enable_accept_encoding_gzip": true,
                "headers_config": [
                  {
                    "header_behavior": "none",
                    "headers": []
                  }
                ],
                "query_strings_config": [
                  {
                    "query_string_behavior": "none",
                    "query_strings": []
                  }
                ]
              }
            ]
          },
          "sensitive_attributes": [],
          "private": "bnVsbA=="
        }
      ]
    },
    {
      "mode": "managed",
      "type": "aws_cloudfront_distribution",
      "name": "ui_hosting",
      "provider": "provider[\"registry.terraform.io/hashicorp/aws\"]",
      "instances": [
        {
          "schema_version": 1,
          "attributes": {
            "aliases": [],
            "anycast_ip_list_id": "",
            "arn": "arn:aws:cloudfront::491696534851:distribution/E15JMXLPX2IABK",
            "caller_reference": "terraform-20250925142409117100000001",
            "comment": "MomsRecipeBox UI Distribution - Phase 4.2",
            "continuous_deployment_policy_id": "",
            "custom_error_response": [
              {
                "error_caching_min_ttl": 0,
                "error_code": 403,
                "response_code": 200,
                "response_page_path": "/index.html"
              },
              {
                "error_caching_min_ttl": 0,
                "error_code": 404,
                "response_code": 200,
                "response_page_path": "/index.html"
              }
            ],
            "default_cache_behavior": [
              {
                "allowed_methods": [
                  "DELETE",
                  "GET",
                  "HEAD",
                  "OPTIONS",
                  "PATCH",
                  "POST",
                  "PUT"
                ],
                "cache_policy_id": "4135ea2d-6df8-44a3-9df3-4b5a84be39ad",
                "cached_methods": [
                  "GET",
                  "HEAD"
                ],
                "compress": true,
                "default_ttl": 0,
                "field_level_encryption_id": "",
                "forwarded_values": [],
                "function_association": [],
                "grpc_config": [
                  {
                    "enabled": false
                  }
                ],
                "lambda_function_association": [],
                "max_ttl": 0,
                "min_ttl": 0,
                "origin_request_policy_id": "acba4595-bd28-49b8-b9fe-13317c0390fa",
                "realtime_log_config_arn": "",
                "response_headers_policy_id": "5cc3b908-e619-4b99-88e5-2cf7f45965bd",
                "smooth_streaming": false,
                "target_origin_id": "S3-mrb-ui-hosting-dev",
                "trusted_key_groups": [],
                "trusted_signers": [],
                "viewer_protocol_policy": "redirect-to-https"
              }
            ],
            "default_root_object": "index.html",
            "domain_name": "d17a7bunmsfmub.cloudfront.net",
            "enabled": true,
            "etag": "E2G42JNM9YFJ6S",
            "hosted_zone_id": "Z2FDTNDATAQYW2",
            "http_version": "http2",
            "id": "E15JMXLPX2IABK",
            "in_progress_validation_batches": 0,
            "is_ipv6_enabled": true,
            "last_modified_time": "2025-09-25 15:30:14.243 +0000 UTC",
            "logging_config": [],
            "ordered_cache_behavior": [
              {
                "allowed_methods": [
                  "GET",
                  "HEAD"
                ],
                "cache_policy_id": "4135ea2d-6df8-44a3-9df3-4b5a84be39ad",
                "cached_methods": [
                  "GET",
                  "HEAD"
                ],
                "compress": true,
                "default_ttl": 0,
                "field_level_encryption_id": "",
                "forwarded_values": [],
                "function_association": [],
                "grpc_config": [
                  {
                    "enabled": false
                  }
                ],
                "lambda_function_association": [],
                "max_ttl": 0,
                "min_ttl": 0,
                "origin_request_policy_id": "",
                "path_pattern": "/assets/*",
                "realtime_log_config_arn": "",
                "response_headers_policy_id": "5cc3b908-e619-4b99-88e5-2cf7f45965bd",
                "smooth_streaming": false,
                "target_origin_id": "S3-mrb-ui-hosting-dev",
                "trusted_key_groups": [],
                "trusted_signers": [],
                "viewer_protocol_policy": "redirect-to-https"
              }
            ],
            "origin": [
              {
                "connection_attempts": 3,
                "connection_timeout": 10,
                "custom_header": [],
                "custom_origin_config": [],
                "domain_name": "mrb-ui-hosting-dev.s3.us-west-2.amazonaws.com",
                "origin_access_control_id": "EA33QM8BJY7TG",
                "origin_id": "S3-mrb-ui-hosting-dev",
                "origin_path": "",
                "origin_shield": [],
                "s3_origin_config": [],
                "vpc_origin_config": []
              }
            ],
            "origin_group": [],
            "price_class": "PriceClass_100",
            "restrictions": [
              {
                "geo_restriction": [
                  {
                    "locations": [],
                    "restriction_type": "none"
                  }
                ]
              }
            ],
            "retain_on_delete": false,
            "staging": false,
            "status": "Deployed",
            "tags": {
              "Environment": "dev",
              "Name": "MomsRecipeBox UI CDN",
              "Phase": "4.2",
              "Purpose": "UIDistribution"
            },
            "tags_all": {
              "Environment": "dev",
              "Name": "MomsRecipeBox UI CDN",
              "Phase": "4.2",
              "Purpose": "UIDistribution"
            },
            "trusted_key_groups": [
              {
                "enabled": false,
                "items": []
              }
            ],
            "trusted_signers": [
              {
                "enabled": false,
                "items": []
              }
            ],
            "viewer_certificate": [
              {
                "acm_certificate_arn": "",
                "cloudfront_default_certificate": true,
                "iam_certificate_id": "",
                "minimum_protocol_version": "TLSv1",
                "ssl_support_method": ""
              }
            ],
            "wait_for_deployment": true,
            "web_acl_id": ""
          },
          "sensitive_attributes": [],
          "private": "eyJzY2hlbWFfdmVyc2lvbiI6IjEifQ==",
          "dependencies": [
            "aws_cloudfront_origin_access_control.ui_hosting",
            "aws_s3_bucket.ui_hosting"
          ]
        }
      ]
    },
    {
      "mode": "managed",
      "type": "aws_cloudfront_origin_access_control",
      "name": "ui_hosting",
      "provider": "provider[\"registry.terraform.io/hashicorp/aws\"]",
      "instances": [
        {
          "schema_version": 0,
          "attributes": {
            "arn": "arn:aws:cloudfront::491696534851:origin-access-control/EA33QM8BJY7TG",
            "description": "Origin Access Control for MomsRecipeBox UI",
            "etag": "ETVPDKIKX0DER",
            "id": "EA33QM8BJY7TG",
            "name": "mrb-ui-hosting-oac",
            "origin_access_control_origin_type": "s3",
            "signing_behavior": "always",
            "signing_protocol": "sigv4"
          },
          "sensitive_attributes": [],
          "private": "bnVsbA=="
        }
      ]
    },
    {
      "mode": "managed",
      "type": "aws_ecr_repository",
      "name": "app_repo",
      "provider": "provider[\"registry.terraform.io/hashicorp/aws\"]",
      "instances": [
        {
          "index_key": 0,
          "schema_version": 0,
          "attributes": {
            "arn": "arn:aws:ecr:us-west-2:491696534851:repository/mrb-app-api",
            "encryption_configuration": [
              {
                "encryption_type": "AES256",
                "kms_key": ""
              }
            ],
            "force_delete": true,
            "id": "mrb-app-api",
            "image_scanning_configuration": [
              {
                "scan_on_push": true
              }
            ],
            "image_tag_mutability": "MUTABLE",
            "name": "mrb-app-api",
            "region": "us-west-2",
            "registry_id": "491696534851",
            "repository_url": "491696534851.dkr.ecr.us-west-2.amazonaws.com/mrb-app-api",
            "tags": {},
            "tags_all": {},
            "timeouts": null
          },
          "sensitive_attributes": [],
          "private": "eyJlMmJmYjczMC1lY2FhLTExZTYtOGY4OC0zNDM2M2JjN2M0YzAiOnsiZGVsZXRlIjoxMjAwMDAwMDAwMDAwfX0=",
          "create_before_destroy": true
        }
      ]
    },
    {
      "mode": "managed",
      "type": "aws_iam_policy",
      "name": "mrb_api_s3_access",
      "provider": "provider[\"registry.terraform.io/hashicorp/aws\"]",
      "instances": [
        {
          "schema_version": 0,
          "attributes": {
            "arn": "arn:aws:iam::491696534851:policy/mrb-api-s3-access",
            "attachment_count": 2,
            "description": "Policy for Mom's Recipe Box API to access S3 buckets",
            "id": "arn:aws:iam::491696534851:policy/mrb-api-s3-access",
            "name": "mrb-api-s3-access",
            "name_prefix": "",
            "path": "/",
            "policy": "{\"Statement\":[{\"Action\":[\"s3:PutObject\",\"s3:GetObject\",\"s3:DeleteObject\"],\"Effect\":\"Allow\",\"Resource\":[\"arn:aws:s3:::mrb-recipe-images-dev/*\",\"arn:aws:s3:::mrb-mongodb-backups-dev/*\"]},{\"Action\":[\"s3:ListBucket\"],\"Effect\":\"Allow\",\"Resource\":[\"arn:aws:s3:::mrb-recipe-images-dev\",\"arn:aws:s3:::mrb-mongodb-backups-dev\"]}],\"Version\":\"2012-10-17\"}",
            "policy_id": "ANPAXE63FWVBYMWUGUJM2",
            "tags": {},
            "tags_all": {}
          },
          "sensitive_attributes": [],
          "private": "eyJzY2hlbWFfdmVyc2lvbiI6IjAifQ=="
        }
      ]
    },
    {
      "mode": "managed",
      "type": "aws_iam_role",
      "name": "app_lambda_role",
      "provider": "provider[\"registry.terraform.io/hashicorp/aws\"]",
      "instances": [
        {
          "index_key": 0,
          "schema_version": 0,
          "attributes": {
            "arn": "arn:aws:iam::491696534851:role/app_lambda_role",
            "assume_role_policy": "{\"Statement\":[{\"Action\":\"sts:AssumeRole\",\"Effect\":\"Allow\",\"Principal\":{\"Service\":\"lambda.amazonaws.com\"}}],\"Version\":\"2012-10-17\"}",
            "create_date": "2025-09-22T02:04:33Z",
            "description": "",
            "force_detach_policies": false,
            "id": "app_lambda_role",
            "inline_policy": [],
            "managed_policy_arns": [
              "arn:aws:iam::aws:policy/SecretsManagerReadWrite",
              "arn:aws:iam::aws:policy/service-role/AWSLambdaBasicExecutionRole",
              "arn:aws:iam::aws:policy/service-role/AWSLambdaVPCAccessExecutionRole"
            ],
            "max_session_duration": 3600,
            "name": "app_lambda_role",
            "name_prefix": "",
            "path": "/",
            "permissions_boundary": "",
            "tags": {},
            "tags_all": {},
            "unique_id": "AROAXE63FWVBWXKQ3V6IW"
          },
          "sensitive_attributes": [],
          "private": "bnVsbA==",
          "create_before_destroy": true
        }
      ]
    },
    {
      "mode": "managed",
      "type": "aws_iam_role_policy_attachment",
      "name": "lambda_basic_execution",
      "provider": "provider[\"registry.terraform.io/hashicorp/aws\"]",
      "instances": [
        {
          "index_key": 0,
          "schema_version": 0,
          "attributes": {
            "id": "app_lambda_role/arn:aws:iam::aws:policy/service-role/AWSLambdaBasicExecutionRole",
            "policy_arn": "arn:aws:iam::aws:policy/service-role/AWSLambdaBasicExecutionRole",
            "role": "app_lambda_role"
          },
          "sensitive_attributes": [],
          "private": "bnVsbA==",
          "dependencies": [
            "aws_iam_role.app_lambda_role"
          ]
        }
      ]
    },
    {
      "mode": "managed",
      "type": "aws_iam_role_policy_attachment",
      "name": "lambda_secretsmanager_access",
      "provider": "provider[\"registry.terraform.io/hashicorp/aws\"]",
      "instances": [
        {
          "index_key": 0,
          "schema_version": 0,
          "attributes": {
            "id": "app_lambda_role/arn:aws:iam::aws:policy/SecretsManagerReadWrite",
            "policy_arn": "arn:aws:iam::aws:policy/SecretsManagerReadWrite",
            "role": "app_lambda_role"
          },
          "sensitive_attributes": [],
          "private": "bnVsbA==",
          "dependencies": [
            "aws_iam_role.app_lambda_role"
          ]
        }
      ]
    },
    {
      "mode": "managed",
      "type": "aws_lambda_function",
      "name": "app_lambda",
      "provider": "provider[\"registry.terraform.io/hashicorp/aws\"]",
      "instances": [
        {
          "index_key": 0,
          "schema_version": 0,
          "attributes": {
            "architectures": [
              "x86_64"
            ],
            "arn": "arn:aws:lambda:us-west-2:491696534851:function:mrb-app-api",
            "code_sha256": "fccacbc21e3d894b02aa685ec0e374ff96406c9fa343d152fa3835ce99620c14",
            "code_signing_config_arn": "",
            "dead_letter_config": [],
            "description": "",
            "environment": [
              {
                "variables": {
                  "APP_MODE": "lambda",
                  "AWS_SECRET_NAME": "moms-recipe-secrets-dev",
                  "ENABLE_DATA_QUALITY_CHECKS": "true",
                  "ENABLE_PERIODIC_HEALTH_CHECKS": "false",
                  "ENABLE_STARTUP_HEALTH_CHECKS": "true",
                  "FAIL_ON_CRITICAL_HEALTH": "false",
                  "HEALTH_CHECK_TIMEOUT_MS": "15000",
                  "MONGODB_DB_NAME": "moms_recipe_box",
                  "MONGODB_MODE": "atlas",
                  "NODE_ENV": "production",
                  "RECIPE_IMAGES_BUCKET": "mrb-recipe-images-dev"
                }
              }
            ],
            "ephemeral_storage": [
              {
                "size": 512
              }
            ],
            "file_system_config": [],
            "filename": null,
            "function_name": "mrb-app-api",
            "handler": "",
            "id": "mrb-app-api",
            "image_config": [],
            "image_uri": "491696534851.dkr.ecr.us-west-2.amazonaws.com/mrb-app-api:dev",
            "invoke_arn": "arn:aws:apigateway:us-west-2:lambda:path/2015-03-31/functions/arn:aws:lambda:us-west-2:491696534851:function:mrb-app-api/invocations",
            "kms_key_arn": "",
            "last_modified": "2025-09-24T23:37:55.000+0000",
            "layers": [],
            "logging_config": [
              {
                "application_log_level": "",
                "log_format": "Text",
                "log_group": "/aws/lambda/mrb-app-api",
                "system_log_level": ""
              }
            ],
            "memory_size": 256,
            "package_type": "Image",
            "publish": false,
            "qualified_arn": "arn:aws:lambda:us-west-2:491696534851:function:mrb-app-api:$LATEST",
            "qualified_invoke_arn": "arn:aws:apigateway:us-west-2:lambda:path/2015-03-31/functions/arn:aws:lambda:us-west-2:491696534851:function:mrb-app-api:$LATEST/invocations",
            "region": "us-west-2",
            "replace_security_groups_on_destroy": null,
            "replacement_security_group_ids": null,
            "reserved_concurrent_executions": -1,
            "role": "arn:aws:iam::491696534851:role/app_lambda_role",
            "runtime": "",
            "s3_bucket": null,
            "s3_key": null,
            "s3_object_version": null,
            "signing_job_arn": "",
            "signing_profile_version_arn": "",
            "skip_destroy": false,
            "snap_start": [],
            "source_code_hash": "",
            "source_code_size": 0,
            "tags": {},
            "tags_all": {},
            "timeout": 15,
            "timeouts": null,
            "tracing_config": [
              {
                "mode": "PassThrough"
              }
            ],
            "version": "$LATEST",
            "vpc_config": []
          },
          "sensitive_attributes": [],
          "private": "eyJlMmJmYjczMC1lY2FhLTExZTYtOGY4OC0zNDM2M2JjN2M0YzAiOnsiY3JlYXRlIjo2MDAwMDAwMDAwMDAsImRlbGV0ZSI6NjAwMDAwMDAwMDAwLCJ1cGRhdGUiOjYwMDAwMDAwMDAwMH19",
          "dependencies": [
            "aws_ecr_repository.app_repo",
            "aws_iam_role.app_lambda_role"
          ],
          "create_before_destroy": true
        }
      ]
    },
    {
      "mode": "managed",
      "type": "aws_lambda_permission",
      "name": "api_gateway_invoke",
      "provider": "provider[\"registry.terraform.io/hashicorp/aws\"]",
      "instances": [
        {
          "index_key": 0,
          "schema_version": 0,
          "attributes": {
            "action": "lambda:InvokeFunction",
            "event_source_token": null,
            "function_name": "mrb-app-api",
            "function_url_auth_type": null,
            "id": "AllowAPIGatewayInvoke",
            "principal": "apigateway.amazonaws.com",
            "principal_org_id": null,
            "qualifier": "",
            "region": "us-west-2",
            "source_account": null,
            "source_arn": "arn:aws:execute-api:us-west-2:491696534851:b31emm78z4/*/*",
            "statement_id": "AllowAPIGatewayInvoke",
            "statement_id_prefix": ""
          },
          "sensitive_attributes": [],
          "private": "bnVsbA==",
          "dependencies": [
            "aws_api_gateway_rest_api.app_api",
            "aws_ecr_repository.app_repo",
            "aws_iam_role.app_lambda_role",
            "aws_lambda_function.app_lambda"
          ]
        }
      ]
    },
    {
      "mode": "managed",
      "type": "aws_s3_bucket",
      "name": "recipe_images",
      "provider": "provider[\"registry.terraform.io/hashicorp/aws\"]",
      "instances": [
        {
          "schema_version": 0,
          "attributes": {
            "acceleration_status": "",
            "acl": null,
            "arn": "arn:aws:s3:::mrb-recipe-images-dev",
            "bucket": "mrb-recipe-images-dev",
            "bucket_domain_name": "mrb-recipe-images-dev.s3.amazonaws.com",
            "bucket_prefix": "",
            "bucket_region": "us-west-2",
            "bucket_regional_domain_name": "mrb-recipe-images-dev.s3.us-west-2.amazonaws.com",
            "cors_rule": [],
            "force_destroy": false,
            "grant": [
              {
                "id": "5a464f68089a9aeaf77a891118f146743e334434bc376224599d7192ec67f563",
                "permissions": [
                  "FULL_CONTROL"
                ],
                "type": "CanonicalUser",
                "uri": ""
              }
            ],
            "hosted_zone_id": "Z3BJ6K6RIION7M",
            "id": "mrb-recipe-images-dev",
            "lifecycle_rule": [],
            "logging": [],
            "object_lock_configuration": [],
            "object_lock_enabled": false,
            "policy": "{\"Statement\":[{\"Action\":\"s3:GetObject\",\"Effect\":\"Allow\",\"Principal\":\"*\",\"Resource\":\"arn:aws:s3:::mrb-recipe-images-dev/*\",\"Sid\":\"PublicReadGetObject\"}],\"Version\":\"2012-10-17\"}",
            "region": "us-west-2",
            "replication_configuration": [],
            "request_payer": "BucketOwner",
            "server_side_encryption_configuration": [
              {
                "rule": [
                  {
                    "apply_server_side_encryption_by_default": [
                      {
                        "kms_master_key_id": "",
                        "sse_algorithm": "AES256"
                      }
                    ],
                    "bucket_key_enabled": false
                  }
                ]
              }
            ],
            "tags": {
              "Environment": "dev",
              "Name": "Moms Recipe Box Images"
            },
            "tags_all": {
              "Environment": "dev",
              "Name": "Moms Recipe Box Images"
            },
            "timeouts": null,
            "versioning": [
              {
                "enabled": false,
                "mfa_delete": false
              }
            ],
            "website": [],
            "website_domain": null,
            "website_endpoint": null
          },
          "sensitive_attributes": [],
          "private": "eyJlMmJmYjczMC1lY2FhLTExZTYtOGY4OC0zNDM2M2JjN2M0YzAiOnsiY3JlYXRlIjoxMjAwMDAwMDAwMDAwLCJkZWxldGUiOjM2MDAwMDAwMDAwMDAsInJlYWQiOjEyMDAwMDAwMDAwMDAsInVwZGF0ZSI6MTIwMDAwMDAwMDAwMH19"
        }
      ]
    },
    {
      "mode": "managed",
      "type": "aws_s3_bucket",
      "name": "ui_hosting",
      "provider": "provider[\"registry.terraform.io/hashicorp/aws\"]",
      "instances": [
        {
          "schema_version": 0,
          "attributes": {
            "acceleration_status": "",
            "acl": null,
            "arn": "arn:aws:s3:::mrb-ui-hosting-dev",
            "bucket": "mrb-ui-hosting-dev",
            "bucket_domain_name": "mrb-ui-hosting-dev.s3.amazonaws.com",
            "bucket_prefix": "",
            "bucket_region": "us-west-2",
            "bucket_regional_domain_name": "mrb-ui-hosting-dev.s3.us-west-2.amazonaws.com",
            "cors_rule": [],
            "force_destroy": false,
            "grant": [
              {
                "id": "5a464f68089a9aeaf77a891118f146743e334434bc376224599d7192ec67f563",
                "permissions": [
                  "FULL_CONTROL"
                ],
                "type": "CanonicalUser",
                "uri": ""
              }
            ],
            "hosted_zone_id": "Z3BJ6K6RIION7M",
            "id": "mrb-ui-hosting-dev",
            "lifecycle_rule": [],
            "logging": [],
            "object_lock_configuration": [],
            "object_lock_enabled": false,
            "policy": "{\"Statement\":[{\"Action\":\"s3:GetObject\",\"Condition\":{\"StringEquals\":{\"AWS:SourceArn\":\"arn:aws:cloudfront::491696534851:distribution/E15JMXLPX2IABK\"}},\"Effect\":\"Allow\",\"Principal\":{\"Service\":\"cloudfront.amazonaws.com\"},\"Resource\":\"arn:aws:s3:::mrb-ui-hosting-dev/*\",\"Sid\":\"AllowCloudFrontServicePrincipalReadOnly\"}],\"Version\":\"2012-10-17\"}",
            "region": "us-west-2",
            "replication_configuration": [],
            "request_payer": "BucketOwner",
            "server_side_encryption_configuration": [
              {
                "rule": [
                  {
                    "apply_server_side_encryption_by_default": [
                      {
                        "kms_master_key_id": "",
                        "sse_algorithm": "AES256"
                      }
                    ],
                    "bucket_key_enabled": false
                  }
                ]
              }
            ],
            "tags": {
              "Environment": "dev",
              "Name": "MomsRecipeBox UI Hosting",
              "Phase": "4.2",
              "Purpose": "StaticWebsiteHosting"
            },
            "tags_all": {
              "Environment": "dev",
              "Name": "MomsRecipeBox UI Hosting",
              "Phase": "4.2",
              "Purpose": "StaticWebsiteHosting"
            },
            "timeouts": null,
            "versioning": [
              {
                "enabled": true,
                "mfa_delete": false
              }
            ],
            "website": [
              {
                "error_document": "index.html",
                "index_document": "index.html",
                "redirect_all_requests_to": "",
                "routing_rules": ""
              }
            ],
            "website_domain": "s3-website-us-west-2.amazonaws.com",
            "website_endpoint": "mrb-ui-hosting-dev.s3-website-us-west-2.amazonaws.com"
          },
          "sensitive_attributes": [],
          "private": "eyJlMmJmYjczMC1lY2FhLTExZTYtOGY4OC0zNDM2M2JjN2M0YzAiOnsiY3JlYXRlIjoxMjAwMDAwMDAwMDAwLCJkZWxldGUiOjM2MDAwMDAwMDAwMDAsInJlYWQiOjEyMDAwMDAwMDAwMDAsInVwZGF0ZSI6MTIwMDAwMDAwMDAwMH19"
        }
      ]
    },
    {
      "mode": "managed",
      "type": "aws_s3_bucket_policy",
      "name": "allow_public_read",
      "provider": "provider[\"registry.terraform.io/hashicorp/aws\"]",
      "instances": [
        {
          "schema_version": 0,
          "attributes": {
            "bucket": "mrb-recipe-images-dev",
            "id": "mrb-recipe-images-dev",
            "policy": "{\"Statement\":[{\"Action\":\"s3:GetObject\",\"Effect\":\"Allow\",\"Principal\":\"*\",\"Resource\":\"arn:aws:s3:::mrb-recipe-images-dev/*\",\"Sid\":\"PublicReadGetObject\"}],\"Version\":\"2012-10-17\"}",
            "region": "us-west-2"
          },
          "sensitive_attributes": [],
          "private": "bnVsbA==",
          "dependencies": [
            "aws_s3_bucket.recipe_images"
          ]
        }
      ]
    },
    {
      "mode": "managed",
      "type": "aws_s3_bucket_policy",
      "name": "ui_hosting",
      "provider": "provider[\"registry.terraform.io/hashicorp/aws\"]",
      "instances": [
        {
          "schema_version": 0,
          "attributes": {
            "bucket": "mrb-ui-hosting-dev",
            "id": "mrb-ui-hosting-dev",
            "policy": "{\"Statement\":[{\"Action\":\"s3:GetObject\",\"Condition\":{\"StringEquals\":{\"AWS:SourceArn\":\"arn:aws:cloudfront::491696534851:distribution/E15JMXLPX2IABK\"}},\"Effect\":\"Allow\",\"Principal\":{\"Service\":\"cloudfront.amazonaws.com\"},\"Resource\":\"arn:aws:s3:::mrb-ui-hosting-dev/*\",\"Sid\":\"AllowCloudFrontServicePrincipalReadOnly\"}],\"Version\":\"2012-10-17\"}",
            "region": "us-west-2"
          },
          "sensitive_attributes": [],
          "private": "bnVsbA==",
          "dependencies": [
            "aws_cloudfront_distribution.ui_hosting",
            "aws_cloudfront_origin_access_control.ui_hosting",
            "aws_s3_bucket.ui_hosting"
          ]
        }
      ]
    },
    {
      "mode": "managed",
      "type": "aws_s3_bucket_public_access_block",
      "name": "recipe_images",
      "provider": "provider[\"registry.terraform.io/hashicorp/aws\"]",
      "instances": [
        {
          "schema_version": 0,
          "attributes": {
            "block_public_acls": false,
            "block_public_policy": false,
            "bucket": "mrb-recipe-images-dev",
            "id": "mrb-recipe-images-dev",
            "ignore_public_acls": false,
            "region": "us-west-2",
            "restrict_public_buckets": false
          },
          "sensitive_attributes": [],
          "private": "bnVsbA==",
          "dependencies": [
            "aws_s3_bucket.recipe_images"
          ]
        }
      ]
    },
    {
      "mode": "managed",
      "type": "aws_s3_bucket_public_access_block",
      "name": "ui_hosting",
      "provider": "provider[\"registry.terraform.io/hashicorp/aws\"]",
      "instances": [
        {
          "schema_version": 0,
          "attributes": {
            "block_public_acls": false,
            "block_public_policy": false,
            "bucket": "mrb-ui-hosting-dev",
            "id": "mrb-ui-hosting-dev",
            "ignore_public_acls": false,
            "region": "us-west-2",
            "restrict_public_buckets": false
          },
          "sensitive_attributes": [],
          "private": "bnVsbA==",
          "dependencies": [
            "aws_s3_bucket.ui_hosting"
          ]
        }
      ]
    },
    {
      "mode": "managed",
      "type": "aws_s3_bucket_versioning",
      "name": "ui_hosting",
      "provider": "provider[\"registry.terraform.io/hashicorp/aws\"]",
      "instances": [
        {
          "schema_version": 0,
          "attributes": {
            "bucket": "mrb-ui-hosting-dev",
            "expected_bucket_owner": "",
            "id": "mrb-ui-hosting-dev",
            "mfa": null,
            "region": "us-west-2",
            "versioning_configuration": [
              {
                "mfa_delete": "",
                "status": "Enabled"
              }
            ]
          },
          "sensitive_attributes": [],
          "private": "bnVsbA==",
          "dependencies": [
            "aws_s3_bucket.ui_hosting"
          ]
        }
      ]
    },
    {
      "mode": "managed",
      "type": "aws_s3_bucket_website_configuration",
      "name": "ui_hosting",
      "provider": "provider[\"registry.terraform.io/hashicorp/aws\"]",
      "instances": [
        {
          "schema_version": 0,
          "attributes": {
            "bucket": "mrb-ui-hosting-dev",
            "error_document": [
              {
                "key": "index.html"
              }
            ],
            "expected_bucket_owner": "",
            "id": "mrb-ui-hosting-dev",
            "index_document": [
              {
                "suffix": "index.html"
              }
            ],
            "redirect_all_requests_to": [],
            "region": "us-west-2",
            "routing_rule": [],
            "routing_rules": "",
            "website_domain": "s3-website-us-west-2.amazonaws.com",
            "website_endpoint": "mrb-ui-hosting-dev.s3-website-us-west-2.amazonaws.com"
          },
          "sensitive_attributes": [],
          "private": "bnVsbA==",
          "dependencies": [
            "aws_s3_bucket.ui_hosting"
          ]
        }
      ]
    },
    {
      "mode": "managed",
      "type": "mongodbatlas_cluster",
      "name": "momsrecipebox_cluster",
      "provider": "provider[\"registry.terraform.io/mongodb/mongodbatlas\"]",
      "instances": [
        {
          "schema_version": 1,
          "attributes": {
            "accept_data_risks_and_force_replica_set_reconfig": "",
            "advanced_configuration": [
              {
                "default_read_concern": "",
                "default_write_concern": "",
                "fail_index_key_too_long": false,
                "javascript_enabled": true,
                "minimum_enabled_tls_protocol": "TLS1_2",
                "no_table_scan": false,
                "oplog_min_retention_hours": 0,
                "oplog_size_mb": 0,
                "sample_refresh_interval_bi_connector": 0,
                "sample_size_bi_connector": 0,
                "transaction_lifetime_limit_seconds": 0
              }
            ],
            "auto_scaling_compute_enabled": false,
            "auto_scaling_compute_scale_down_enabled": false,
            "auto_scaling_disk_gb_enabled": false,
            "backing_provider_name": "AWS",
            "backup_enabled": false,
            "bi_connector_config": [
              {
                "enabled": false,
                "read_preference": "secondary"
              }
            ],
            "cloud_backup": false,
            "cluster_id": "68c73a795bdcd15ec2dcb500",
            "cluster_type": "REPLICASET",
            "connection_strings": [
              {
                "private": "",
                "private_endpoint": [],
                "private_srv": "",
                "standard": "mongodb://ac-lnet2oz-shard-00-00.vohcix5.mongodb.net:27017,ac-lnet2oz-shard-00-01.vohcix5.mongodb.net:27017,ac-lnet2oz-shard-00-02.vohcix5.mongodb.net:27017/?ssl=true\u0026authSource=admin\u0026replicaSet=atlas-sep5dq-shard-0",
                "standard_srv": "mongodb+srv://momsrecipebox-cluster.vohcix5.mongodb.net"
              }
            ],
            "container_id": null,
            "disk_size_gb": 0.5,
            "encryption_at_rest_provider": "NONE",
            "id": "Y2x1c3Rlcl9pZA==:NjhjNzNhNzk1YmRjZDE1ZWMyZGNiNTAw-Y2x1c3Rlcl9uYW1l:bW9tc3JlY2lwZWJveC1jbHVzdGVy-cHJvamVjdF9pZA==:NjhjNWZlOTgzM2FiMTg1NGYyMDMxMDU3-cHJvdmlkZXJfbmFtZQ==:VEVOQU5U",
            "labels": [],
            "mongo_db_major_version": "8.0",
            "mongo_db_version": "8.0.13",
            "mongo_uri": "mongodb://ac-lnet2oz-shard-00-00.vohcix5.mongodb.net:27017,ac-lnet2oz-shard-00-01.vohcix5.mongodb.net:27017,ac-lnet2oz-shard-00-02.vohcix5.mongodb.net:27017",
            "mongo_uri_updated": "2025-09-14T21:58:37Z",
            "mongo_uri_with_options": "mongodb://ac-lnet2oz-shard-00-00.vohcix5.mongodb.net:27017,ac-lnet2oz-shard-00-01.vohcix5.mongodb.net:27017,ac-lnet2oz-shard-00-02.vohcix5.mongodb.net:27017/?ssl=true\u0026authSource=admin\u0026replicaSet=atlas-sep5dq-shard-0",
            "name": "momsrecipebox-cluster",
            "num_shards": 1,
            "paused": false,
            "pit_enabled": false,
            "project_id": "68c5fe9833ab1854f2031057",
            "provider_auto_scaling_compute_max_instance_size": "",
            "provider_auto_scaling_compute_min_instance_size": "",
            "provider_disk_iops": null,
            "provider_disk_type_name": "",
            "provider_encrypt_ebs_volume": null,
            "provider_encrypt_ebs_volume_flag": null,
            "provider_instance_size_name": "M0",
            "provider_name": "TENANT",
            "provider_region_name": "US_WEST_2",
            "provider_volume_type": "",
            "replication_factor": 3,
            "replication_specs": [
              {
                "id": "68c73a795bdcd15ec2dcb4a1",
                "num_shards": 1,
                "regions_config": [
                  {
                    "analytics_nodes": 0,
                    "electable_nodes": 3,
                    "priority": 7,
                    "read_only_nodes": 0,
                    "region_name": "US_WEST_2"
                  }
                ],
                "zone_name": "Zone 1"
              }
            ],
            "retain_backups_enabled": null,
            "snapshot_backup_policy": [],
            "srv_address": "mongodb+srv://momsrecipebox-cluster.vohcix5.mongodb.net",
            "state_name": "IDLE",
            "tags": [],
            "termination_protection_enabled": false,
            "timeouts": null,
            "version_release_system": "LTS"
          },
          "sensitive_attributes": [],
          "private": "eyJlMmJmYjczMC1lY2FhLTExZTYtOGY4OC0zNDM2M2JjN2M0YzAiOnsiY3JlYXRlIjoxMDgwMDAwMDAwMDAwMCwiZGVsZXRlIjoxMDgwMDAwMDAwMDAwMCwidXBkYXRlIjoxMDgwMDAwMDAwMDAwMH0sInNjaGVtYV92ZXJzaW9uIjoiMSJ9"
        }
      ]
    },
    {
      "mode": "managed",
      "type": "mongodbatlas_database_user",
      "name": "momsrecipebox_user",
      "provider": "provider[\"registry.terraform.io/mongodb/mongodbatlas\"]",
      "instances": [
        {
          "schema_version": 0,
          "attributes": {
            "auth_database_name": "admin",
            "aws_iam_type": "NONE",
            "id": "YXV0aF9kYXRhYmFzZV9uYW1l:YWRtaW4=-cHJvamVjdF9pZA==:NjhjNWZlOTgzM2FiMTg1NGYyMDMxMDU3-dXNlcm5hbWU=:bXJiYXBw",
            "labels": [],
            "ldap_auth_type": "NONE",
            "oidc_auth_type": "NONE",
            "password": "zjF5MNeHDeCs9@XBzjF5MNeHDeCs9@XB",
            "project_id": "68c5fe9833ab1854f2031057",
            "roles": [
              {
                "collection_name": null,
                "database_name": "admin",
                "role_name": "readWrite"
              },
              {
                "collection_name": null,
                "database_name": "moms_recipe_box",
                "role_name": "readWrite"
              },
              {
                "collection_name": null,
                "database_name": "moms_recipe_box_dev",
                "role_name": "readWrite"
              }
            ],
            "scopes": [],
            "username": "mrbapp",
            "x509_type": "NONE"
          },
          "sensitive_attributes": [
            [
              {
                "type": "get_attr",
                "value": "password"
              }
            ]
          ]
        }
      ]
    },
    {
      "mode": "managed",
      "type": "mongodbatlas_project_ip_access_list",
      "name": "app_ip_list",
      "provider": "provider[\"registry.terraform.io/mongodb/mongodbatlas\"]",
      "instances": [
        {
          "schema_version": 0,
          "attributes": {
            "aws_security_group": "",
            "cidr_block": "71.33.151.134/32",
            "comment": "Development access",
            "id": "ZW50cnk=:NzEuMzMuMTUxLjEzNC8zMg==-cHJvamVjdF9pZA==:NjhjNWZlOTgzM2FiMTg1NGYyMDMxMDU3",
            "ip_address": "71.33.151.134",
            "project_id": "68c5fe9833ab1854f2031057",
            "timeouts": null
          },
          "sensitive_attributes": []
        }
      ]
    },
    {
      "mode": "managed",
      "type": "mongodbatlas_project_ip_access_list",
      "name": "lambda_internet",
      "provider": "provider[\"registry.terraform.io/mongodb/mongodbatlas\"]",
      "instances": [
        {
          "schema_version": 0,
          "attributes": {
            "aws_security_group": "",
            "cidr_block": "0.0.0.0/0",
            "comment": "Lambda internet access (free tier architecture)",
            "id": "ZW50cnk=:MC4wLjAuMC8w-cHJvamVjdF9pZA==:NjhjNWZlOTgzM2FiMTg1NGYyMDMxMDU3",
            "ip_address": "",
            "project_id": "68c5fe9833ab1854f2031057",
            "timeouts": null
          },
          "sensitive_attributes": []
        }
      ]
    }
  ],
  "check_results": null
}
