{
  "version": 4,
  "terraform_version": "1.11.3",
  "serial": 1211,
  "lineage": "598e7610-14f6-4b9c-18ec-fa8ece467ee1",
  "outputs": {
    "mongodb_connection_string": {
      "value": "mongodb+srv://mrbapp:zjF5MNeHDeCs9@XBzjF5MNeHDeCs9@XB@momsrecipebox-cluster.vohcix5.mongodb.net/moms_recipe_box?retryWrites=true\u0026w=majority",
      "type": "string",
      "sensitive": true
    },
    "mongodb_srv_address": {
      "value": "mongodb+srv://momsrecipebox-cluster.vohcix5.mongodb.net",
      "type": "string"
    },
    "recipe_images_bucket_url": {
      "value": "https://mrb-recipe-images-dev.s3.amazonaws.com/",
      "type": "string"
    }
  },
  "resources": [
    {
      "mode": "data",
      "type": "aws_route_tables",
      "name": "vpc_route_tables",
      "provider": "provider[\"registry.terraform.io/hashicorp/aws\"]",
      "instances": [
        {
          "index_key": 0,
          "schema_version": 0,
          "attributes": {
            "filter": null,
            "id": "us-west-2",
            "ids": [
              "rtb-0805e6de41d4ba527"
            ],
            "region": "us-west-2",
            "tags": null,
            "timeouts": null,
            "vpc_id": "vpc-0bca063e5a0ff38c7"
          },
          "sensitive_attributes": []
        }
      ]
    },
    {
      "mode": "managed",
      "type": "aws_api_gateway_deployment",
      "name": "app_api_deployment",
      "provider": "provider[\"registry.terraform.io/hashicorp/aws\"]",
      "instances": [
        {
          "index_key": 0,
          "schema_version": 0,
          "attributes": {
            "created_date": "2025-09-23T04:51:29Z",
            "description": "",
            "id": "571xgy",
            "region": "us-west-2",
            "rest_api_id": "b31emm78z4",
            "triggers": {
              "redeploy": "2025-09-23T04:51:30Z"
            },
            "variables": null
          },
          "sensitive_attributes": [],
          "private": "bnVsbA==",
          "dependencies": [
            "aws_api_gateway_integration.comment_delete_integration",
            "aws_api_gateway_integration.comment_post_integration",
            "aws_api_gateway_integration.comment_put_integration",
            "aws_api_gateway_integration.like_post_integration",
            "aws_api_gateway_integration.recipe_delete_integration",
            "aws_api_gateway_integration.recipe_get_integration",
            "aws_api_gateway_integration.recipe_image_delete_integration",
            "aws_api_gateway_integration.recipe_image_get_integration",
            "aws_api_gateway_integration.recipe_image_put_integration",
            "aws_api_gateway_integration.recipe_put_integration",
            "aws_api_gateway_integration.recipes_get_integration",
            "aws_api_gateway_integration.recipes_post_integration",
            "aws_api_gateway_method.comment_delete",
            "aws_api_gateway_method.comment_post",
            "aws_api_gateway_method.comment_put",
            "aws_api_gateway_method.like_post",
            "aws_api_gateway_method.recipe_delete",
            "aws_api_gateway_method.recipe_get",
            "aws_api_gateway_method.recipe_image_delete",
            "aws_api_gateway_method.recipe_image_get",
            "aws_api_gateway_method.recipe_image_put",
            "aws_api_gateway_method.recipe_put",
            "aws_api_gateway_method.recipes_get",
            "aws_api_gateway_method.recipes_post",
            "aws_api_gateway_resource.comment",
            "aws_api_gateway_resource.comment_id",
            "aws_api_gateway_resource.like",
            "aws_api_gateway_resource.recipe",
            "aws_api_gateway_resource.recipe_id",
            "aws_api_gateway_resource.recipe_image",
            "aws_api_gateway_resource.recipes",
            "aws_api_gateway_rest_api.app_api",
            "aws_ecr_repository.app_repo",
            "aws_iam_role.app_lambda_role",
            "aws_lambda_function.app_lambda"
          ],
          "create_before_destroy": true
        }
      ]
    },
    {
      "mode": "managed",
      "type": "aws_api_gateway_integration",
      "name": "comment_delete_integration",
      "provider": "provider[\"registry.terraform.io/hashicorp/aws\"]",
      "instances": [
        {
          "index_key": 0,
          "schema_version": 0,
          "attributes": {
            "cache_key_parameters": [],
            "cache_namespace": "vygjd0",
            "connection_id": "",
            "connection_type": "INTERNET",
            "content_handling": "",
            "credentials": "",
            "http_method": "DELETE",
            "id": "agi-b31emm78z4-vygjd0-DELETE",
            "integration_http_method": "POST",
            "passthrough_behavior": "WHEN_NO_MATCH",
            "region": "us-west-2",
            "request_parameters": {},
            "request_templates": {},
            "resource_id": "vygjd0",
            "rest_api_id": "b31emm78z4",
            "timeout_milliseconds": 29000,
            "tls_config": [],
            "type": "AWS_PROXY",
            "uri": "arn:aws:apigateway:us-west-2:lambda:path/2015-03-31/functions/arn:aws:lambda:us-west-2:491696534851:function:mrb-app-api/invocations"
          },
          "sensitive_attributes": [],
          "private": "bnVsbA==",
          "dependencies": [
            "aws_api_gateway_method.comment_delete",
            "aws_api_gateway_resource.comment",
            "aws_api_gateway_resource.comment_id",
            "aws_api_gateway_resource.recipe",
            "aws_api_gateway_rest_api.app_api",
            "aws_ecr_repository.app_repo",
            "aws_iam_role.app_lambda_role",
            "aws_lambda_function.app_lambda"
          ],
          "create_before_destroy": true
        }
      ]
    },
    {
      "mode": "managed",
      "type": "aws_api_gateway_integration",
      "name": "comment_post_integration",
      "provider": "provider[\"registry.terraform.io/hashicorp/aws\"]",
      "instances": [
        {
          "index_key": 0,
          "schema_version": 0,
          "attributes": {
            "cache_key_parameters": [],
            "cache_namespace": "kwkemo",
            "connection_id": "",
            "connection_type": "INTERNET",
            "content_handling": "",
            "credentials": "",
            "http_method": "POST",
            "id": "agi-b31emm78z4-kwkemo-POST",
            "integration_http_method": "POST",
            "passthrough_behavior": "WHEN_NO_MATCH",
            "region": "us-west-2",
            "request_parameters": {},
            "request_templates": {},
            "resource_id": "kwkemo",
            "rest_api_id": "b31emm78z4",
            "timeout_milliseconds": 29000,
            "tls_config": [],
            "type": "AWS_PROXY",
            "uri": "arn:aws:apigateway:us-west-2:lambda:path/2015-03-31/functions/arn:aws:lambda:us-west-2:491696534851:function:mrb-app-api/invocations"
          },
          "sensitive_attributes": [],
          "private": "bnVsbA==",
          "dependencies": [
            "aws_api_gateway_method.comment_post",
            "aws_api_gateway_resource.comment",
            "aws_api_gateway_resource.recipe",
            "aws_api_gateway_rest_api.app_api",
            "aws_ecr_repository.app_repo",
            "aws_iam_role.app_lambda_role",
            "aws_lambda_function.app_lambda"
          ],
          "create_before_destroy": true
        }
      ]
    },
    {
      "mode": "managed",
      "type": "aws_api_gateway_integration",
      "name": "comment_put_integration",
      "provider": "provider[\"registry.terraform.io/hashicorp/aws\"]",
      "instances": [
        {
          "index_key": 0,
          "schema_version": 0,
          "attributes": {
            "cache_key_parameters": [],
            "cache_namespace": "vygjd0",
            "connection_id": "",
            "connection_type": "INTERNET",
            "content_handling": "",
            "credentials": "",
            "http_method": "PUT",
            "id": "agi-b31emm78z4-vygjd0-PUT",
            "integration_http_method": "POST",
            "passthrough_behavior": "WHEN_NO_MATCH",
            "region": "us-west-2",
            "request_parameters": {},
            "request_templates": {},
            "resource_id": "vygjd0",
            "rest_api_id": "b31emm78z4",
            "timeout_milliseconds": 29000,
            "tls_config": [],
            "type": "AWS_PROXY",
            "uri": "arn:aws:apigateway:us-west-2:lambda:path/2015-03-31/functions/arn:aws:lambda:us-west-2:491696534851:function:mrb-app-api/invocations"
          },
          "sensitive_attributes": [],
          "private": "bnVsbA==",
          "dependencies": [
            "aws_api_gateway_method.comment_put",
            "aws_api_gateway_resource.comment",
            "aws_api_gateway_resource.comment_id",
            "aws_api_gateway_resource.recipe",
            "aws_api_gateway_rest_api.app_api",
            "aws_ecr_repository.app_repo",
            "aws_iam_role.app_lambda_role",
            "aws_lambda_function.app_lambda"
          ],
          "create_before_destroy": true
        }
      ]
    },
    {
      "mode": "managed",
      "type": "aws_api_gateway_integration",
      "name": "like_post_integration",
      "provider": "provider[\"registry.terraform.io/hashicorp/aws\"]",
      "instances": [
        {
          "index_key": 0,
          "schema_version": 0,
          "attributes": {
            "cache_key_parameters": [],
            "cache_namespace": "2qbtb6",
            "connection_id": "",
            "connection_type": "INTERNET",
            "content_handling": "",
            "credentials": "",
            "http_method": "POST",
            "id": "agi-b31emm78z4-2qbtb6-POST",
            "integration_http_method": "POST",
            "passthrough_behavior": "WHEN_NO_MATCH",
            "region": "us-west-2",
            "request_parameters": {},
            "request_templates": {},
            "resource_id": "2qbtb6",
            "rest_api_id": "b31emm78z4",
            "timeout_milliseconds": 29000,
            "tls_config": [],
            "type": "AWS_PROXY",
            "uri": "arn:aws:apigateway:us-west-2:lambda:path/2015-03-31/functions/arn:aws:lambda:us-west-2:491696534851:function:mrb-app-api/invocations"
          },
          "sensitive_attributes": [],
          "private": "bnVsbA==",
          "dependencies": [
            "aws_api_gateway_method.like_post",
            "aws_api_gateway_resource.like",
            "aws_api_gateway_resource.recipe",
            "aws_api_gateway_rest_api.app_api",
            "aws_ecr_repository.app_repo",
            "aws_iam_role.app_lambda_role",
            "aws_lambda_function.app_lambda"
          ],
          "create_before_destroy": true
        }
      ]
    },
    {
      "mode": "managed",
      "type": "aws_api_gateway_integration",
      "name": "recipe_delete_integration",
      "provider": "provider[\"registry.terraform.io/hashicorp/aws\"]",
      "instances": [
        {
          "index_key": 0,
          "schema_version": 0,
          "attributes": {
            "cache_key_parameters": [],
            "cache_namespace": "kmbh9l",
            "connection_id": "",
            "connection_type": "INTERNET",
            "content_handling": "",
            "credentials": "",
            "http_method": "DELETE",
            "id": "agi-b31emm78z4-kmbh9l-DELETE",
            "integration_http_method": "POST",
            "passthrough_behavior": "WHEN_NO_MATCH",
            "region": "us-west-2",
            "request_parameters": {},
            "request_templates": {},
            "resource_id": "kmbh9l",
            "rest_api_id": "b31emm78z4",
            "timeout_milliseconds": 29000,
            "tls_config": [],
            "type": "AWS_PROXY",
            "uri": "arn:aws:apigateway:us-west-2:lambda:path/2015-03-31/functions/arn:aws:lambda:us-west-2:491696534851:function:mrb-app-api/invocations"
          },
          "sensitive_attributes": [],
          "private": "bnVsbA==",
          "dependencies": [
            "aws_api_gateway_method.recipe_delete",
            "aws_api_gateway_resource.recipe",
            "aws_api_gateway_resource.recipe_id",
            "aws_api_gateway_rest_api.app_api",
            "aws_ecr_repository.app_repo",
            "aws_iam_role.app_lambda_role",
            "aws_lambda_function.app_lambda"
          ],
          "create_before_destroy": true
        }
      ]
    },
    {
      "mode": "managed",
      "type": "aws_api_gateway_integration",
      "name": "recipe_get_integration",
      "provider": "provider[\"registry.terraform.io/hashicorp/aws\"]",
      "instances": [
        {
          "index_key": 0,
          "schema_version": 0,
          "attributes": {
            "cache_key_parameters": [],
            "cache_namespace": "kmbh9l",
            "connection_id": "",
            "connection_type": "INTERNET",
            "content_handling": "",
            "credentials": "",
            "http_method": "GET",
            "id": "agi-b31emm78z4-kmbh9l-GET",
            "integration_http_method": "POST",
            "passthrough_behavior": "WHEN_NO_MATCH",
            "region": "us-west-2",
            "request_parameters": {},
            "request_templates": {},
            "resource_id": "kmbh9l",
            "rest_api_id": "b31emm78z4",
            "timeout_milliseconds": 29000,
            "tls_config": [],
            "type": "AWS_PROXY",
            "uri": "arn:aws:apigateway:us-west-2:lambda:path/2015-03-31/functions/arn:aws:lambda:us-west-2:491696534851:function:mrb-app-api/invocations"
          },
          "sensitive_attributes": [],
          "private": "bnVsbA==",
          "dependencies": [
            "aws_api_gateway_method.recipe_get",
            "aws_api_gateway_resource.recipe",
            "aws_api_gateway_resource.recipe_id",
            "aws_api_gateway_rest_api.app_api",
            "aws_ecr_repository.app_repo",
            "aws_iam_role.app_lambda_role",
            "aws_lambda_function.app_lambda"
          ],
          "create_before_destroy": true
        }
      ]
    },
    {
      "mode": "managed",
      "type": "aws_api_gateway_integration",
      "name": "recipe_image_delete_integration",
      "provider": "provider[\"registry.terraform.io/hashicorp/aws\"]",
      "instances": [
        {
          "index_key": 0,
          "schema_version": 0,
          "attributes": {
            "cache_key_parameters": [],
            "cache_namespace": "fejn89",
            "connection_id": "",
            "connection_type": "INTERNET",
            "content_handling": "",
            "credentials": "",
            "http_method": "DELETE",
            "id": "agi-b31emm78z4-fejn89-DELETE",
            "integration_http_method": "POST",
            "passthrough_behavior": "WHEN_NO_MATCH",
            "region": "us-west-2",
            "request_parameters": {},
            "request_templates": {},
            "resource_id": "fejn89",
            "rest_api_id": "b31emm78z4",
            "timeout_milliseconds": 29000,
            "tls_config": [],
            "type": "AWS_PROXY",
            "uri": "arn:aws:apigateway:us-west-2:lambda:path/2015-03-31/functions/arn:aws:lambda:us-west-2:491696534851:function:mrb-app-api/invocations"
          },
          "sensitive_attributes": [],
          "private": "bnVsbA==",
          "dependencies": [
            "aws_api_gateway_method.recipe_image_delete",
            "aws_api_gateway_resource.recipe",
            "aws_api_gateway_resource.recipe_id",
            "aws_api_gateway_resource.recipe_image",
            "aws_api_gateway_rest_api.app_api",
            "aws_ecr_repository.app_repo",
            "aws_iam_role.app_lambda_role",
            "aws_lambda_function.app_lambda"
          ],
          "create_before_destroy": true
        }
      ]
    },
    {
      "mode": "managed",
      "type": "aws_api_gateway_integration",
      "name": "recipe_image_get_integration",
      "provider": "provider[\"registry.terraform.io/hashicorp/aws\"]",
      "instances": [
        {
          "index_key": 0,
          "schema_version": 0,
          "attributes": {
            "cache_key_parameters": [],
            "cache_namespace": "fejn89",
            "connection_id": "",
            "connection_type": "INTERNET",
            "content_handling": "",
            "credentials": "",
            "http_method": "GET",
            "id": "agi-b31emm78z4-fejn89-GET",
            "integration_http_method": "GET",
            "passthrough_behavior": "WHEN_NO_MATCH",
            "region": "us-west-2",
            "request_parameters": {},
            "request_templates": {},
            "resource_id": "fejn89",
            "rest_api_id": "b31emm78z4",
            "timeout_milliseconds": 29000,
            "tls_config": [],
            "type": "AWS_PROXY",
            "uri": "arn:aws:apigateway:us-west-2:lambda:path/2015-03-31/functions/arn:aws:lambda:us-west-2:491696534851:function:mrb-app-api/invocations"
          },
          "sensitive_attributes": [],
          "private": "bnVsbA==",
          "dependencies": [
            "aws_api_gateway_method.recipe_image_get",
            "aws_api_gateway_resource.recipe",
            "aws_api_gateway_resource.recipe_id",
            "aws_api_gateway_resource.recipe_image",
            "aws_api_gateway_rest_api.app_api",
            "aws_ecr_repository.app_repo",
            "aws_iam_role.app_lambda_role",
            "aws_lambda_function.app_lambda"
          ],
          "create_before_destroy": true
        }
      ]
    },
    {
      "mode": "managed",
      "type": "aws_api_gateway_integration",
      "name": "recipe_image_put_integration",
      "provider": "provider[\"registry.terraform.io/hashicorp/aws\"]",
      "instances": [
        {
          "index_key": 0,
          "schema_version": 0,
          "attributes": {
            "cache_key_parameters": [],
            "cache_namespace": "fejn89",
            "connection_id": "",
            "connection_type": "INTERNET",
            "content_handling": "",
            "credentials": "",
            "http_method": "PUT",
            "id": "agi-b31emm78z4-fejn89-PUT",
            "integration_http_method": "POST",
            "passthrough_behavior": "WHEN_NO_MATCH",
            "region": "us-west-2",
            "request_parameters": {},
            "request_templates": {},
            "resource_id": "fejn89",
            "rest_api_id": "b31emm78z4",
            "timeout_milliseconds": 29000,
            "tls_config": [],
            "type": "AWS_PROXY",
            "uri": "arn:aws:apigateway:us-west-2:lambda:path/2015-03-31/functions/arn:aws:lambda:us-west-2:491696534851:function:mrb-app-api/invocations"
          },
          "sensitive_attributes": [],
          "private": "bnVsbA==",
          "dependencies": [
            "aws_api_gateway_method.recipe_image_put",
            "aws_api_gateway_resource.recipe",
            "aws_api_gateway_resource.recipe_id",
            "aws_api_gateway_resource.recipe_image",
            "aws_api_gateway_rest_api.app_api",
            "aws_ecr_repository.app_repo",
            "aws_iam_role.app_lambda_role",
            "aws_lambda_function.app_lambda"
          ],
          "create_before_destroy": true
        }
      ]
    },
    {
      "mode": "managed",
      "type": "aws_api_gateway_integration",
      "name": "recipe_put_integration",
      "provider": "provider[\"registry.terraform.io/hashicorp/aws\"]",
      "instances": [
        {
          "index_key": 0,
          "schema_version": 0,
          "attributes": {
            "cache_key_parameters": [],
            "cache_namespace": "kmbh9l",
            "connection_id": "",
            "connection_type": "INTERNET",
            "content_handling": "",
            "credentials": "",
            "http_method": "PUT",
            "id": "agi-b31emm78z4-kmbh9l-PUT",
            "integration_http_method": "POST",
            "passthrough_behavior": "WHEN_NO_MATCH",
            "region": "us-west-2",
            "request_parameters": {},
            "request_templates": {},
            "resource_id": "kmbh9l",
            "rest_api_id": "b31emm78z4",
            "timeout_milliseconds": 29000,
            "tls_config": [],
            "type": "AWS_PROXY",
            "uri": "arn:aws:apigateway:us-west-2:lambda:path/2015-03-31/functions/arn:aws:lambda:us-west-2:491696534851:function:mrb-app-api/invocations"
          },
          "sensitive_attributes": [],
          "private": "bnVsbA==",
          "dependencies": [
            "aws_api_gateway_method.recipe_put",
            "aws_api_gateway_resource.recipe",
            "aws_api_gateway_resource.recipe_id",
            "aws_api_gateway_rest_api.app_api",
            "aws_ecr_repository.app_repo",
            "aws_iam_role.app_lambda_role",
            "aws_lambda_function.app_lambda"
          ],
          "create_before_destroy": true
        }
      ]
    },
    {
      "mode": "managed",
      "type": "aws_api_gateway_integration",
      "name": "recipes_get_integration",
      "provider": "provider[\"registry.terraform.io/hashicorp/aws\"]",
      "instances": [
        {
          "index_key": 0,
          "schema_version": 0,
          "attributes": {
            "cache_key_parameters": [],
            "cache_namespace": "8sg2vl",
            "connection_id": "",
            "connection_type": "INTERNET",
            "content_handling": "",
            "credentials": "",
            "http_method": "GET",
            "id": "agi-b31emm78z4-8sg2vl-GET",
            "integration_http_method": "POST",
            "passthrough_behavior": "WHEN_NO_MATCH",
            "region": "us-west-2",
            "request_parameters": {},
            "request_templates": {},
            "resource_id": "8sg2vl",
            "rest_api_id": "b31emm78z4",
            "timeout_milliseconds": 29000,
            "tls_config": [],
            "type": "AWS_PROXY",
            "uri": "arn:aws:apigateway:us-west-2:lambda:path/2015-03-31/functions/arn:aws:lambda:us-west-2:491696534851:function:mrb-app-api/invocations"
          },
          "sensitive_attributes": [],
          "private": "bnVsbA==",
          "dependencies": [
            "aws_api_gateway_method.recipes_get",
            "aws_api_gateway_resource.recipes",
            "aws_api_gateway_rest_api.app_api",
            "aws_ecr_repository.app_repo",
            "aws_iam_role.app_lambda_role",
            "aws_lambda_function.app_lambda"
          ],
          "create_before_destroy": true
        }
      ]
    },
    {
      "mode": "managed",
      "type": "aws_api_gateway_integration",
      "name": "recipes_post_integration",
      "provider": "provider[\"registry.terraform.io/hashicorp/aws\"]",
      "instances": [
        {
          "index_key": 0,
          "schema_version": 0,
          "attributes": {
            "cache_key_parameters": [],
            "cache_namespace": "8sg2vl",
            "connection_id": "",
            "connection_type": "INTERNET",
            "content_handling": "",
            "credentials": "",
            "http_method": "POST",
            "id": "agi-b31emm78z4-8sg2vl-POST",
            "integration_http_method": "POST",
            "passthrough_behavior": "WHEN_NO_MATCH",
            "region": "us-west-2",
            "request_parameters": {},
            "request_templates": {},
            "resource_id": "8sg2vl",
            "rest_api_id": "b31emm78z4",
            "timeout_milliseconds": 29000,
            "tls_config": [],
            "type": "AWS_PROXY",
            "uri": "arn:aws:apigateway:us-west-2:lambda:path/2015-03-31/functions/arn:aws:lambda:us-west-2:491696534851:function:mrb-app-api/invocations"
          },
          "sensitive_attributes": [],
          "private": "bnVsbA==",
          "dependencies": [
            "aws_api_gateway_method.recipes_post",
            "aws_api_gateway_resource.recipes",
            "aws_api_gateway_rest_api.app_api",
            "aws_ecr_repository.app_repo",
            "aws_iam_role.app_lambda_role",
            "aws_lambda_function.app_lambda"
          ],
          "create_before_destroy": true
        }
      ]
    },
    {
      "mode": "managed",
      "type": "aws_api_gateway_method",
      "name": "comment_delete",
      "provider": "provider[\"registry.terraform.io/hashicorp/aws\"]",
      "instances": [
        {
          "index_key": 0,
          "schema_version": 0,
          "attributes": {
            "api_key_required": false,
            "authorization": "NONE",
            "authorization_scopes": [],
            "authorizer_id": "",
            "http_method": "DELETE",
            "id": "agm-b31emm78z4-vygjd0-DELETE",
            "operation_name": "",
            "region": "us-west-2",
            "request_models": {},
            "request_parameters": {},
            "request_validator_id": "",
            "resource_id": "vygjd0",
            "rest_api_id": "b31emm78z4"
          },
          "sensitive_attributes": [],
          "private": "bnVsbA==",
          "dependencies": [
            "aws_api_gateway_resource.comment",
            "aws_api_gateway_resource.comment_id",
            "aws_api_gateway_resource.recipe",
            "aws_api_gateway_rest_api.app_api"
          ],
          "create_before_destroy": true
        }
      ]
    },
    {
      "mode": "managed",
      "type": "aws_api_gateway_method",
      "name": "comment_post",
      "provider": "provider[\"registry.terraform.io/hashicorp/aws\"]",
      "instances": [
        {
          "index_key": 0,
          "schema_version": 0,
          "attributes": {
            "api_key_required": false,
            "authorization": "NONE",
            "authorization_scopes": [],
            "authorizer_id": "",
            "http_method": "POST",
            "id": "agm-b31emm78z4-kwkemo-POST",
            "operation_name": "",
            "region": "us-west-2",
            "request_models": {},
            "request_parameters": {},
            "request_validator_id": "",
            "resource_id": "kwkemo",
            "rest_api_id": "b31emm78z4"
          },
          "sensitive_attributes": [],
          "private": "bnVsbA==",
          "dependencies": [
            "aws_api_gateway_resource.comment",
            "aws_api_gateway_resource.recipe",
            "aws_api_gateway_rest_api.app_api"
          ],
          "create_before_destroy": true
        }
      ]
    },
    {
      "mode": "managed",
      "type": "aws_api_gateway_method",
      "name": "comment_put",
      "provider": "provider[\"registry.terraform.io/hashicorp/aws\"]",
      "instances": [
        {
          "index_key": 0,
          "schema_version": 0,
          "attributes": {
            "api_key_required": false,
            "authorization": "NONE",
            "authorization_scopes": [],
            "authorizer_id": "",
            "http_method": "PUT",
            "id": "agm-b31emm78z4-vygjd0-PUT",
            "operation_name": "",
            "region": "us-west-2",
            "request_models": {},
            "request_parameters": {},
            "request_validator_id": "",
            "resource_id": "vygjd0",
            "rest_api_id": "b31emm78z4"
          },
          "sensitive_attributes": [],
          "private": "bnVsbA==",
          "dependencies": [
            "aws_api_gateway_resource.comment",
            "aws_api_gateway_resource.comment_id",
            "aws_api_gateway_resource.recipe",
            "aws_api_gateway_rest_api.app_api"
          ],
          "create_before_destroy": true
        }
      ]
    },
    {
      "mode": "managed",
      "type": "aws_api_gateway_method",
      "name": "like_post",
      "provider": "provider[\"registry.terraform.io/hashicorp/aws\"]",
      "instances": [
        {
          "index_key": 0,
          "schema_version": 0,
          "attributes": {
            "api_key_required": false,
            "authorization": "NONE",
            "authorization_scopes": [],
            "authorizer_id": "",
            "http_method": "POST",
            "id": "agm-b31emm78z4-2qbtb6-POST",
            "operation_name": "",
            "region": "us-west-2",
            "request_models": {},
            "request_parameters": {},
            "request_validator_id": "",
            "resource_id": "2qbtb6",
            "rest_api_id": "b31emm78z4"
          },
          "sensitive_attributes": [],
          "private": "bnVsbA==",
          "dependencies": [
            "aws_api_gateway_resource.like",
            "aws_api_gateway_resource.recipe",
            "aws_api_gateway_rest_api.app_api"
          ],
          "create_before_destroy": true
        }
      ]
    },
    {
      "mode": "managed",
      "type": "aws_api_gateway_method",
      "name": "recipe_delete",
      "provider": "provider[\"registry.terraform.io/hashicorp/aws\"]",
      "instances": [
        {
          "index_key": 0,
          "schema_version": 0,
          "attributes": {
            "api_key_required": false,
            "authorization": "NONE",
            "authorization_scopes": [],
            "authorizer_id": "",
            "http_method": "DELETE",
            "id": "agm-b31emm78z4-kmbh9l-DELETE",
            "operation_name": "",
            "region": "us-west-2",
            "request_models": {},
            "request_parameters": {},
            "request_validator_id": "",
            "resource_id": "kmbh9l",
            "rest_api_id": "b31emm78z4"
          },
          "sensitive_attributes": [],
          "private": "bnVsbA==",
          "dependencies": [
            "aws_api_gateway_resource.recipe",
            "aws_api_gateway_resource.recipe_id",
            "aws_api_gateway_rest_api.app_api"
          ],
          "create_before_destroy": true
        }
      ]
    },
    {
      "mode": "managed",
      "type": "aws_api_gateway_method",
      "name": "recipe_get",
      "provider": "provider[\"registry.terraform.io/hashicorp/aws\"]",
      "instances": [
        {
          "index_key": 0,
          "schema_version": 0,
          "attributes": {
            "api_key_required": false,
            "authorization": "NONE",
            "authorization_scopes": [],
            "authorizer_id": "",
            "http_method": "GET",
            "id": "agm-b31emm78z4-kmbh9l-GET",
            "operation_name": "",
            "region": "us-west-2",
            "request_models": {},
            "request_parameters": {},
            "request_validator_id": "",
            "resource_id": "kmbh9l",
            "rest_api_id": "b31emm78z4"
          },
          "sensitive_attributes": [],
          "private": "bnVsbA==",
          "dependencies": [
            "aws_api_gateway_resource.recipe",
            "aws_api_gateway_resource.recipe_id",
            "aws_api_gateway_rest_api.app_api"
          ],
          "create_before_destroy": true
        }
      ]
    },
    {
      "mode": "managed",
      "type": "aws_api_gateway_method",
      "name": "recipe_image_delete",
      "provider": "provider[\"registry.terraform.io/hashicorp/aws\"]",
      "instances": [
        {
          "index_key": 0,
          "schema_version": 0,
          "attributes": {
            "api_key_required": false,
            "authorization": "NONE",
            "authorization_scopes": [],
            "authorizer_id": "",
            "http_method": "DELETE",
            "id": "agm-b31emm78z4-fejn89-DELETE",
            "operation_name": "",
            "region": "us-west-2",
            "request_models": {},
            "request_parameters": {},
            "request_validator_id": "",
            "resource_id": "fejn89",
            "rest_api_id": "b31emm78z4"
          },
          "sensitive_attributes": [],
          "private": "bnVsbA==",
          "dependencies": [
            "aws_api_gateway_resource.recipe",
            "aws_api_gateway_resource.recipe_id",
            "aws_api_gateway_resource.recipe_image",
            "aws_api_gateway_rest_api.app_api"
          ],
          "create_before_destroy": true
        }
      ]
    },
    {
      "mode": "managed",
      "type": "aws_api_gateway_method",
      "name": "recipe_image_get",
      "provider": "provider[\"registry.terraform.io/hashicorp/aws\"]",
      "instances": [
        {
          "index_key": 0,
          "schema_version": 0,
          "attributes": {
            "api_key_required": false,
            "authorization": "NONE",
            "authorization_scopes": [],
            "authorizer_id": "",
            "http_method": "GET",
            "id": "agm-b31emm78z4-fejn89-GET",
            "operation_name": "",
            "region": "us-west-2",
            "request_models": {},
            "request_parameters": {},
            "request_validator_id": "",
            "resource_id": "fejn89",
            "rest_api_id": "b31emm78z4"
          },
          "sensitive_attributes": [],
          "private": "bnVsbA==",
          "dependencies": [
            "aws_api_gateway_resource.recipe",
            "aws_api_gateway_resource.recipe_id",
            "aws_api_gateway_resource.recipe_image",
            "aws_api_gateway_rest_api.app_api"
          ],
          "create_before_destroy": true
        }
      ]
    },
    {
      "mode": "managed",
      "type": "aws_api_gateway_method",
      "name": "recipe_image_put",
      "provider": "provider[\"registry.terraform.io/hashicorp/aws\"]",
      "instances": [
        {
          "index_key": 0,
          "schema_version": 0,
          "attributes": {
            "api_key_required": false,
            "authorization": "NONE",
            "authorization_scopes": [],
            "authorizer_id": "",
            "http_method": "PUT",
            "id": "agm-b31emm78z4-fejn89-PUT",
            "operation_name": "",
            "region": "us-west-2",
            "request_models": {},
            "request_parameters": {},
            "request_validator_id": "",
            "resource_id": "fejn89",
            "rest_api_id": "b31emm78z4"
          },
          "sensitive_attributes": [],
          "private": "bnVsbA==",
          "dependencies": [
            "aws_api_gateway_resource.recipe",
            "aws_api_gateway_resource.recipe_id",
            "aws_api_gateway_resource.recipe_image",
            "aws_api_gateway_rest_api.app_api"
          ],
          "create_before_destroy": true
        }
      ]
    },
    {
      "mode": "managed",
      "type": "aws_api_gateway_method",
      "name": "recipe_put",
      "provider": "provider[\"registry.terraform.io/hashicorp/aws\"]",
      "instances": [
        {
          "index_key": 0,
          "schema_version": 0,
          "attributes": {
            "api_key_required": false,
            "authorization": "NONE",
            "authorization_scopes": [],
            "authorizer_id": "",
            "http_method": "PUT",
            "id": "agm-b31emm78z4-kmbh9l-PUT",
            "operation_name": "",
            "region": "us-west-2",
            "request_models": {},
            "request_parameters": {},
            "request_validator_id": "",
            "resource_id": "kmbh9l",
            "rest_api_id": "b31emm78z4"
          },
          "sensitive_attributes": [],
          "private": "bnVsbA==",
          "dependencies": [
            "aws_api_gateway_resource.recipe",
            "aws_api_gateway_resource.recipe_id",
            "aws_api_gateway_rest_api.app_api"
          ],
          "create_before_destroy": true
        }
      ]
    },
    {
      "mode": "managed",
      "type": "aws_api_gateway_method",
      "name": "recipes_get",
      "provider": "provider[\"registry.terraform.io/hashicorp/aws\"]",
      "instances": [
        {
          "index_key": 0,
          "schema_version": 0,
          "attributes": {
            "api_key_required": false,
            "authorization": "NONE",
            "authorization_scopes": [],
            "authorizer_id": "",
            "http_method": "GET",
            "id": "agm-b31emm78z4-8sg2vl-GET",
            "operation_name": "",
            "region": "us-west-2",
            "request_models": {},
            "request_parameters": {},
            "request_validator_id": "",
            "resource_id": "8sg2vl",
            "rest_api_id": "b31emm78z4"
          },
          "sensitive_attributes": [],
          "private": "bnVsbA==",
          "dependencies": [
            "aws_api_gateway_resource.recipes",
            "aws_api_gateway_rest_api.app_api"
          ],
          "create_before_destroy": true
        }
      ]
    },
    {
      "mode": "managed",
      "type": "aws_api_gateway_method",
      "name": "recipes_post",
      "provider": "provider[\"registry.terraform.io/hashicorp/aws\"]",
      "instances": [
        {
          "index_key": 0,
          "schema_version": 0,
          "attributes": {
            "api_key_required": false,
            "authorization": "NONE",
            "authorization_scopes": [],
            "authorizer_id": "",
            "http_method": "POST",
            "id": "agm-b31emm78z4-8sg2vl-POST",
            "operation_name": "",
            "region": "us-west-2",
            "request_models": {},
            "request_parameters": {},
            "request_validator_id": "",
            "resource_id": "8sg2vl",
            "rest_api_id": "b31emm78z4"
          },
          "sensitive_attributes": [],
          "private": "bnVsbA==",
          "dependencies": [
            "aws_api_gateway_resource.recipes",
            "aws_api_gateway_rest_api.app_api"
          ],
          "create_before_destroy": true
        }
      ]
    },
    {
      "mode": "managed",
      "type": "aws_api_gateway_resource",
      "name": "comment",
      "provider": "provider[\"registry.terraform.io/hashicorp/aws\"]",
      "instances": [
        {
          "index_key": 0,
          "schema_version": 0,
          "attributes": {
            "id": "kwkemo",
            "parent_id": "bz1se5",
            "path": "/recipe/comment",
            "path_part": "comment",
            "region": "us-west-2",
            "rest_api_id": "b31emm78z4"
          },
          "sensitive_attributes": [],
          "private": "bnVsbA==",
          "dependencies": [
            "aws_api_gateway_resource.recipe",
            "aws_api_gateway_rest_api.app_api"
          ],
          "create_before_destroy": true
        }
      ]
    },
    {
      "mode": "managed",
      "type": "aws_api_gateway_resource",
      "name": "comment_id",
      "provider": "provider[\"registry.terraform.io/hashicorp/aws\"]",
      "instances": [
        {
          "index_key": 0,
          "schema_version": 0,
          "attributes": {
            "id": "vygjd0",
            "parent_id": "kwkemo",
            "path": "/recipe/comment/{comment_id}",
            "path_part": "{comment_id}",
            "region": "us-west-2",
            "rest_api_id": "b31emm78z4"
          },
          "sensitive_attributes": [],
          "private": "bnVsbA==",
          "dependencies": [
            "aws_api_gateway_resource.comment",
            "aws_api_gateway_resource.recipe",
            "aws_api_gateway_rest_api.app_api"
          ],
          "create_before_destroy": true
        }
      ]
    },
    {
      "mode": "managed",
      "type": "aws_api_gateway_resource",
      "name": "like",
      "provider": "provider[\"registry.terraform.io/hashicorp/aws\"]",
      "instances": [
        {
          "index_key": 0,
          "schema_version": 0,
          "attributes": {
            "id": "2qbtb6",
            "parent_id": "bz1se5",
            "path": "/recipe/like",
            "path_part": "like",
            "region": "us-west-2",
            "rest_api_id": "b31emm78z4"
          },
          "sensitive_attributes": [],
          "private": "bnVsbA==",
          "dependencies": [
            "aws_api_gateway_resource.recipe",
            "aws_api_gateway_rest_api.app_api"
          ],
          "create_before_destroy": true
        }
      ]
    },
    {
      "mode": "managed",
      "type": "aws_api_gateway_resource",
      "name": "recipe",
      "provider": "provider[\"registry.terraform.io/hashicorp/aws\"]",
      "instances": [
        {
          "index_key": 0,
          "schema_version": 0,
          "attributes": {
            "id": "bz1se5",
            "parent_id": "b7w844fb5e",
            "path": "/recipe",
            "path_part": "recipe",
            "region": "us-west-2",
            "rest_api_id": "b31emm78z4"
          },
          "sensitive_attributes": [],
          "private": "bnVsbA==",
          "dependencies": [
            "aws_api_gateway_rest_api.app_api"
          ],
          "create_before_destroy": true
        }
      ]
    },
    {
      "mode": "managed",
      "type": "aws_api_gateway_resource",
      "name": "recipe_id",
      "provider": "provider[\"registry.terraform.io/hashicorp/aws\"]",
      "instances": [
        {
          "index_key": 0,
          "schema_version": 0,
          "attributes": {
            "id": "kmbh9l",
            "parent_id": "bz1se5",
            "path": "/recipe/{id}",
            "path_part": "{id}",
            "region": "us-west-2",
            "rest_api_id": "b31emm78z4"
          },
          "sensitive_attributes": [],
          "private": "bnVsbA==",
          "dependencies": [
            "aws_api_gateway_resource.recipe",
            "aws_api_gateway_rest_api.app_api"
          ],
          "create_before_destroy": true
        }
      ]
    },
    {
      "mode": "managed",
      "type": "aws_api_gateway_resource",
      "name": "recipe_image",
      "provider": "provider[\"registry.terraform.io/hashicorp/aws\"]",
      "instances": [
        {
          "index_key": 0,
          "schema_version": 0,
          "attributes": {
            "id": "fejn89",
            "parent_id": "kmbh9l",
            "path": "/recipe/{id}/image",
            "path_part": "image",
            "region": "us-west-2",
            "rest_api_id": "b31emm78z4"
          },
          "sensitive_attributes": [],
          "private": "bnVsbA==",
          "dependencies": [
            "aws_api_gateway_resource.recipe",
            "aws_api_gateway_resource.recipe_id",
            "aws_api_gateway_rest_api.app_api"
          ],
          "create_before_destroy": true
        }
      ]
    },
    {
      "mode": "managed",
      "type": "aws_api_gateway_resource",
      "name": "recipes",
      "provider": "provider[\"registry.terraform.io/hashicorp/aws\"]",
      "instances": [
        {
          "index_key": 0,
          "schema_version": 0,
          "attributes": {
            "id": "8sg2vl",
            "parent_id": "b7w844fb5e",
            "path": "/recipes",
            "path_part": "recipes",
            "region": "us-west-2",
            "rest_api_id": "b31emm78z4"
          },
          "sensitive_attributes": [],
          "private": "bnVsbA==",
          "dependencies": [
            "aws_api_gateway_rest_api.app_api"
          ],
          "create_before_destroy": true
        }
      ]
    },
    {
      "mode": "managed",
      "type": "aws_api_gateway_rest_api",
      "name": "app_api",
      "provider": "provider[\"registry.terraform.io/hashicorp/aws\"]",
      "instances": [
        {
          "index_key": 0,
          "schema_version": 0,
          "attributes": {
            "api_key_source": "HEADER",
            "arn": "arn:aws:apigateway:us-west-2::/restapis/b31emm78z4",
            "binary_media_types": [],
            "body": null,
            "created_date": "2025-09-22T02:04:33Z",
            "description": "API Gateway for Mom's Recipe Box app tier",
            "disable_execute_api_endpoint": false,
            "endpoint_configuration": [
              {
                "ip_address_type": "ipv4",
                "types": [
                  "REGIONAL"
                ],
                "vpc_endpoint_ids": []
              }
            ],
            "execution_arn": "arn:aws:execute-api:us-west-2:491696534851:b31emm78z4",
            "fail_on_warnings": null,
            "id": "b31emm78z4",
            "minimum_compression_size": "",
            "name": "mrb-app-api",
            "parameters": null,
            "policy": "",
            "put_rest_api_mode": null,
            "region": "us-west-2",
            "root_resource_id": "b7w844fb5e",
            "tags": {},
            "tags_all": {}
          },
          "sensitive_attributes": [],
          "private": "bnVsbA==",
          "create_before_destroy": true
        }
      ]
    },
    {
      "mode": "managed",
      "type": "aws_api_gateway_stage",
      "name": "app_api_stage",
      "provider": "provider[\"registry.terraform.io/hashicorp/aws\"]",
      "instances": [
        {
          "index_key": 0,
          "schema_version": 0,
          "attributes": {
            "access_log_settings": [],
            "arn": "arn:aws:apigateway:us-west-2::/restapis/b31emm78z4/stages/dev",
            "cache_cluster_enabled": false,
            "cache_cluster_size": "",
            "canary_settings": [],
            "client_certificate_id": "",
            "deployment_id": "571xgy",
            "description": "",
            "documentation_version": "",
            "execution_arn": "arn:aws:execute-api:us-west-2:491696534851:b31emm78z4/dev",
            "id": "ags-b31emm78z4-dev",
            "invoke_url": "https://b31emm78z4.execute-api.us-west-2.amazonaws.com/dev",
            "region": "us-west-2",
            "rest_api_id": "b31emm78z4",
            "stage_name": "dev",
            "tags": {},
            "tags_all": {},
            "variables": {},
            "web_acl_arn": "",
            "xray_tracing_enabled": false
          },
          "sensitive_attributes": [],
          "private": "bnVsbA==",
          "dependencies": [
            "aws_api_gateway_deployment.app_api_deployment",
            "aws_api_gateway_integration.comment_delete_integration",
            "aws_api_gateway_integration.comment_post_integration",
            "aws_api_gateway_integration.comment_put_integration",
            "aws_api_gateway_integration.like_post_integration",
            "aws_api_gateway_integration.recipe_delete_integration",
            "aws_api_gateway_integration.recipe_get_integration",
            "aws_api_gateway_integration.recipe_image_delete_integration",
            "aws_api_gateway_integration.recipe_image_get_integration",
            "aws_api_gateway_integration.recipe_image_put_integration",
            "aws_api_gateway_integration.recipe_put_integration",
            "aws_api_gateway_integration.recipes_get_integration",
            "aws_api_gateway_integration.recipes_post_integration",
            "aws_api_gateway_method.comment_delete",
            "aws_api_gateway_method.comment_post",
            "aws_api_gateway_method.comment_put",
            "aws_api_gateway_method.like_post",
            "aws_api_gateway_method.recipe_delete",
            "aws_api_gateway_method.recipe_get",
            "aws_api_gateway_method.recipe_image_delete",
            "aws_api_gateway_method.recipe_image_get",
            "aws_api_gateway_method.recipe_image_put",
            "aws_api_gateway_method.recipe_put",
            "aws_api_gateway_method.recipes_get",
            "aws_api_gateway_method.recipes_post",
            "aws_api_gateway_resource.comment",
            "aws_api_gateway_resource.comment_id",
            "aws_api_gateway_resource.like",
            "aws_api_gateway_resource.recipe",
            "aws_api_gateway_resource.recipe_id",
            "aws_api_gateway_resource.recipe_image",
            "aws_api_gateway_resource.recipes",
            "aws_api_gateway_rest_api.app_api",
            "aws_ecr_repository.app_repo",
            "aws_iam_role.app_lambda_role",
            "aws_lambda_function.app_lambda"
          ]
        }
      ]
    },
    {
      "mode": "managed",
      "type": "aws_ecr_repository",
      "name": "app_repo",
      "provider": "provider[\"registry.terraform.io/hashicorp/aws\"]",
      "instances": [
        {
          "index_key": 0,
          "schema_version": 0,
          "attributes": {
            "arn": "arn:aws:ecr:us-west-2:491696534851:repository/mrb-app-api",
            "encryption_configuration": [
              {
                "encryption_type": "AES256",
                "kms_key": ""
              }
            ],
            "force_delete": true,
            "id": "mrb-app-api",
            "image_scanning_configuration": [
              {
                "scan_on_push": true
              }
            ],
            "image_tag_mutability": "MUTABLE",
            "name": "mrb-app-api",
            "region": "us-west-2",
            "registry_id": "491696534851",
            "repository_url": "491696534851.dkr.ecr.us-west-2.amazonaws.com/mrb-app-api",
            "tags": {},
            "tags_all": {},
            "timeouts": null
          },
          "sensitive_attributes": [],
          "private": "eyJlMmJmYjczMC1lY2FhLTExZTYtOGY4OC0zNDM2M2JjN2M0YzAiOnsiZGVsZXRlIjoxMjAwMDAwMDAwMDAwfX0=",
          "create_before_destroy": true
        }
      ]
    },
    {
      "mode": "managed",
      "type": "aws_iam_policy",
      "name": "mrb_api_s3_access",
      "provider": "provider[\"registry.terraform.io/hashicorp/aws\"]",
      "instances": [
        {
          "schema_version": 0,
          "attributes": {
            "arn": "arn:aws:iam::491696534851:policy/mrb-api-s3-access",
            "attachment_count": 2,
            "description": "Policy for Mom's Recipe Box API to access S3 buckets",
            "id": "arn:aws:iam::491696534851:policy/mrb-api-s3-access",
            "name": "mrb-api-s3-access",
            "name_prefix": "",
            "path": "/",
            "policy": "{\"Statement\":[{\"Action\":[\"s3:PutObject\",\"s3:GetObject\",\"s3:DeleteObject\"],\"Effect\":\"Allow\",\"Resource\":[\"arn:aws:s3:::mrb-recipe-images-dev/*\",\"arn:aws:s3:::mrb-mongodb-backups-dev/*\"]},{\"Action\":[\"s3:ListBucket\"],\"Effect\":\"Allow\",\"Resource\":[\"arn:aws:s3:::mrb-recipe-images-dev\",\"arn:aws:s3:::mrb-mongodb-backups-dev\"]}],\"Version\":\"2012-10-17\"}",
            "policy_id": "ANPAXE63FWVBYMWUGUJM2",
            "tags": {},
            "tags_all": {}
          },
          "sensitive_attributes": [],
          "private": "eyJzY2hlbWFfdmVyc2lvbiI6IjAifQ=="
        }
      ]
    },
    {
      "mode": "managed",
      "type": "aws_iam_role",
      "name": "app_lambda_role",
      "provider": "provider[\"registry.terraform.io/hashicorp/aws\"]",
      "instances": [
        {
          "index_key": 0,
          "schema_version": 0,
          "attributes": {
            "arn": "arn:aws:iam::491696534851:role/app_lambda_role",
            "assume_role_policy": "{\"Statement\":[{\"Action\":\"sts:AssumeRole\",\"Effect\":\"Allow\",\"Principal\":{\"Service\":\"lambda.amazonaws.com\"}}],\"Version\":\"2012-10-17\"}",
            "create_date": "2025-09-22T02:04:33Z",
            "description": "",
            "force_detach_policies": false,
            "id": "app_lambda_role",
            "inline_policy": [],
            "managed_policy_arns": [
              "arn:aws:iam::aws:policy/SecretsManagerReadWrite",
              "arn:aws:iam::aws:policy/service-role/AWSLambdaBasicExecutionRole",
              "arn:aws:iam::aws:policy/service-role/AWSLambdaVPCAccessExecutionRole"
            ],
            "max_session_duration": 3600,
            "name": "app_lambda_role",
            "name_prefix": "",
            "path": "/",
            "permissions_boundary": "",
            "tags": {},
            "tags_all": {},
            "unique_id": "AROAXE63FWVBWXKQ3V6IW"
          },
          "sensitive_attributes": [],
          "private": "bnVsbA==",
          "create_before_destroy": true
        }
      ]
    },
    {
      "mode": "managed",
      "type": "aws_iam_role_policy_attachment",
      "name": "lambda_basic_execution",
      "provider": "provider[\"registry.terraform.io/hashicorp/aws\"]",
      "instances": [
        {
          "index_key": 0,
          "schema_version": 0,
          "attributes": {
            "id": "app_lambda_role/arn:aws:iam::aws:policy/service-role/AWSLambdaBasicExecutionRole",
            "policy_arn": "arn:aws:iam::aws:policy/service-role/AWSLambdaBasicExecutionRole",
            "role": "app_lambda_role"
          },
          "sensitive_attributes": [],
          "private": "bnVsbA==",
          "dependencies": [
            "aws_iam_role.app_lambda_role"
          ]
        }
      ]
    },
    {
      "mode": "managed",
      "type": "aws_iam_role_policy_attachment",
      "name": "lambda_secretsmanager_access",
      "provider": "provider[\"registry.terraform.io/hashicorp/aws\"]",
      "instances": [
        {
          "index_key": 0,
          "schema_version": 0,
          "attributes": {
            "id": "app_lambda_role/arn:aws:iam::aws:policy/SecretsManagerReadWrite",
            "policy_arn": "arn:aws:iam::aws:policy/SecretsManagerReadWrite",
            "role": "app_lambda_role"
          },
          "sensitive_attributes": [],
          "private": "bnVsbA==",
          "dependencies": [
            "aws_iam_role.app_lambda_role"
          ]
        }
      ]
    },
    {
      "mode": "managed",
      "type": "aws_iam_role_policy_attachment",
      "name": "lambda_vpc_access",
      "provider": "provider[\"registry.terraform.io/hashicorp/aws\"]",
      "instances": [
        {
          "index_key": 0,
          "schema_version": 0,
          "attributes": {
            "id": "app_lambda_role/arn:aws:iam::aws:policy/service-role/AWSLambdaVPCAccessExecutionRole",
            "policy_arn": "arn:aws:iam::aws:policy/service-role/AWSLambdaVPCAccessExecutionRole",
            "role": "app_lambda_role"
          },
          "sensitive_attributes": [],
          "private": "bnVsbA==",
          "dependencies": [
            "aws_iam_role.app_lambda_role"
          ]
        }
      ]
    },
    {
      "mode": "managed",
      "type": "aws_lambda_function",
      "name": "app_lambda",
      "provider": "provider[\"registry.terraform.io/hashicorp/aws\"]",
      "instances": [
        {
          "index_key": 0,
          "schema_version": 0,
          "attributes": {
            "architectures": [
              "x86_64"
            ],
            "arn": "arn:aws:lambda:us-west-2:491696534851:function:mrb-app-api",
            "code_sha256": "5c6a292f6af703c487e15ffd0e4e341486eb9549951323f03c7851b0ad8c604f",
            "code_signing_config_arn": "",
            "dead_letter_config": [],
            "description": "",
            "environment": [
              {
                "variables": {
                  "APP_MODE": "lambda",
                  "AWS_SECRET_NAME": "moms-recipe-secrets-dev",
                  "ENABLE_DATA_QUALITY_CHECKS": "true",
                  "ENABLE_PERIODIC_HEALTH_CHECKS": "false",
                  "ENABLE_STARTUP_HEALTH_CHECKS": "true",
                  "FAIL_ON_CRITICAL_HEALTH": "false",
                  "HEALTH_CHECK_TIMEOUT_MS": "15000",
                  "MONGODB_DB_NAME": "moms_recipe_box",
                  "MONGODB_MODE": "atlas",
                  "NODE_ENV": "production",
                  "RECIPE_IMAGES_BUCKET": "mrb-recipe-images-dev"
                }
              }
            ],
            "ephemeral_storage": [
              {
                "size": 512
              }
            ],
            "file_system_config": [],
            "filename": null,
            "function_name": "mrb-app-api",
            "handler": "",
            "id": "mrb-app-api",
            "image_config": [],
            "image_uri": "491696534851.dkr.ecr.us-west-2.amazonaws.com/mrb-app-api:dev",
            "invoke_arn": "arn:aws:apigateway:us-west-2:lambda:path/2015-03-31/functions/arn:aws:lambda:us-west-2:491696534851:function:mrb-app-api/invocations",
            "kms_key_arn": "",
            "last_modified": "2025-09-23T04:51:23.000+0000",
            "layers": [],
            "logging_config": [
              {
                "application_log_level": "",
                "log_format": "Text",
                "log_group": "/aws/lambda/mrb-app-api",
                "system_log_level": ""
              }
            ],
            "memory_size": 256,
            "package_type": "Image",
            "publish": false,
            "qualified_arn": "arn:aws:lambda:us-west-2:491696534851:function:mrb-app-api:$LATEST",
            "qualified_invoke_arn": "arn:aws:apigateway:us-west-2:lambda:path/2015-03-31/functions/arn:aws:lambda:us-west-2:491696534851:function:mrb-app-api:$LATEST/invocations",
            "region": "us-west-2",
            "replace_security_groups_on_destroy": null,
            "replacement_security_group_ids": null,
            "reserved_concurrent_executions": -1,
            "role": "arn:aws:iam::491696534851:role/app_lambda_role",
            "runtime": "",
            "s3_bucket": null,
            "s3_key": null,
            "s3_object_version": null,
            "signing_job_arn": "",
            "signing_profile_version_arn": "",
            "skip_destroy": false,
            "snap_start": [],
            "source_code_hash": "",
            "source_code_size": 0,
            "tags": {},
            "tags_all": {},
            "timeout": 15,
            "timeouts": null,
            "tracing_config": [
              {
                "mode": "PassThrough"
              }
            ],
            "version": "$LATEST",
            "vpc_config": []
          },
          "sensitive_attributes": [],
          "private": "eyJlMmJmYjczMC1lY2FhLTExZTYtOGY4OC0zNDM2M2JjN2M0YzAiOnsiY3JlYXRlIjo2MDAwMDAwMDAwMDAsImRlbGV0ZSI6NjAwMDAwMDAwMDAwLCJ1cGRhdGUiOjYwMDAwMDAwMDAwMH19",
          "dependencies": [
            "aws_ecr_repository.app_repo",
            "aws_iam_role.app_lambda_role"
          ],
          "create_before_destroy": true
        }
      ]
    },
    {
      "mode": "managed",
      "type": "aws_lambda_permission",
      "name": "api_gateway_invoke",
      "provider": "provider[\"registry.terraform.io/hashicorp/aws\"]",
      "instances": [
        {
          "index_key": 0,
          "schema_version": 0,
          "attributes": {
            "action": "lambda:InvokeFunction",
            "event_source_token": null,
            "function_name": "mrb-app-api",
            "function_url_auth_type": null,
            "id": "AllowAPIGatewayInvoke",
            "principal": "apigateway.amazonaws.com",
            "principal_org_id": null,
            "qualifier": "",
            "region": "us-west-2",
            "source_account": null,
            "source_arn": "arn:aws:execute-api:us-west-2:491696534851:b31emm78z4/*/*",
            "statement_id": "AllowAPIGatewayInvoke",
            "statement_id_prefix": ""
          },
          "sensitive_attributes": [],
          "private": "bnVsbA==",
          "dependencies": [
            "aws_api_gateway_rest_api.app_api",
            "aws_ecr_repository.app_repo",
            "aws_iam_role.app_lambda_role",
            "aws_lambda_function.app_lambda"
          ]
        }
      ]
    },
    {
      "mode": "managed",
      "type": "aws_s3_bucket",
      "name": "recipe_images",
      "provider": "provider[\"registry.terraform.io/hashicorp/aws\"]",
      "instances": [
        {
          "schema_version": 0,
          "attributes": {
            "acceleration_status": "",
            "acl": null,
            "arn": "arn:aws:s3:::mrb-recipe-images-dev",
            "bucket": "mrb-recipe-images-dev",
            "bucket_domain_name": "mrb-recipe-images-dev.s3.amazonaws.com",
            "bucket_prefix": "",
            "bucket_region": "us-west-2",
            "bucket_regional_domain_name": "mrb-recipe-images-dev.s3.us-west-2.amazonaws.com",
            "cors_rule": [],
            "force_destroy": false,
            "grant": [
              {
                "id": "5a464f68089a9aeaf77a891118f146743e334434bc376224599d7192ec67f563",
                "permissions": [
                  "FULL_CONTROL"
                ],
                "type": "CanonicalUser",
                "uri": ""
              }
            ],
            "hosted_zone_id": "Z3BJ6K6RIION7M",
            "id": "mrb-recipe-images-dev",
            "lifecycle_rule": [],
            "logging": [],
            "object_lock_configuration": [],
            "object_lock_enabled": false,
            "policy": "{\"Statement\":[{\"Action\":\"s3:GetObject\",\"Effect\":\"Allow\",\"Principal\":\"*\",\"Resource\":\"arn:aws:s3:::mrb-recipe-images-dev/*\",\"Sid\":\"PublicReadGetObject\"}],\"Version\":\"2012-10-17\"}",
            "region": "us-west-2",
            "replication_configuration": [],
            "request_payer": "BucketOwner",
            "server_side_encryption_configuration": [
              {
                "rule": [
                  {
                    "apply_server_side_encryption_by_default": [
                      {
                        "kms_master_key_id": "",
                        "sse_algorithm": "AES256"
                      }
                    ],
                    "bucket_key_enabled": false
                  }
                ]
              }
            ],
            "tags": {
              "Environment": "dev",
              "Name": "Moms Recipe Box Images"
            },
            "tags_all": {
              "Environment": "dev",
              "Name": "Moms Recipe Box Images"
            },
            "timeouts": null,
            "versioning": [
              {
                "enabled": false,
                "mfa_delete": false
              }
            ],
            "website": [],
            "website_domain": null,
            "website_endpoint": null
          },
          "sensitive_attributes": [],
          "private": "eyJlMmJmYjczMC1lY2FhLTExZTYtOGY4OC0zNDM2M2JjN2M0YzAiOnsiY3JlYXRlIjoxMjAwMDAwMDAwMDAwLCJkZWxldGUiOjM2MDAwMDAwMDAwMDAsInJlYWQiOjEyMDAwMDAwMDAwMDAsInVwZGF0ZSI6MTIwMDAwMDAwMDAwMH19"
        }
      ]
    },
    {
      "mode": "managed",
      "type": "aws_s3_bucket_policy",
      "name": "allow_public_read",
      "provider": "provider[\"registry.terraform.io/hashicorp/aws\"]",
      "instances": [
        {
          "schema_version": 0,
          "attributes": {
            "bucket": "mrb-recipe-images-dev",
            "id": "mrb-recipe-images-dev",
            "policy": "{\"Statement\":[{\"Action\":\"s3:GetObject\",\"Effect\":\"Allow\",\"Principal\":\"*\",\"Resource\":\"arn:aws:s3:::mrb-recipe-images-dev/*\",\"Sid\":\"PublicReadGetObject\"}],\"Version\":\"2012-10-17\"}",
            "region": "us-west-2"
          },
          "sensitive_attributes": [],
          "private": "bnVsbA==",
          "dependencies": [
            "aws_s3_bucket.recipe_images"
          ]
        }
      ]
    },
    {
      "mode": "managed",
      "type": "aws_s3_bucket_public_access_block",
      "name": "recipe_images",
      "provider": "provider[\"registry.terraform.io/hashicorp/aws\"]",
      "instances": [
        {
          "schema_version": 0,
          "attributes": {
            "block_public_acls": false,
            "block_public_policy": false,
            "bucket": "mrb-recipe-images-dev",
            "id": "mrb-recipe-images-dev",
            "ignore_public_acls": false,
            "region": "us-west-2",
            "restrict_public_buckets": false
          },
          "sensitive_attributes": [],
          "private": "bnVsbA==",
          "dependencies": [
            "aws_s3_bucket.recipe_images"
          ]
        }
      ]
    },
    {
      "mode": "managed",
      "type": "aws_security_group",
      "name": "lambda_sg",
      "provider": "provider[\"registry.terraform.io/hashicorp/aws\"]",
      "instances": [
        {
          "index_key": 0,
          "schema_version": 1,
          "attributes": {
            "arn": "arn:aws:ec2:us-west-2:491696534851:security-group/sg-0211126b569d4d1a5",
            "description": "Security group for MRB Lambda function",
            "egress": [
              {
                "cidr_blocks": [
                  "0.0.0.0/0"
                ],
                "description": "Allow all outbound traffic",
                "from_port": 0,
                "ipv6_cidr_blocks": [],
                "prefix_list_ids": [],
                "protocol": "-1",
                "security_groups": [],
                "self": false,
                "to_port": 0
              }
            ],
            "id": "sg-0211126b569d4d1a5",
            "ingress": [
              {
                "cidr_blocks": [
                  "10.0.0.0/16"
                ],
                "description": "Allow HTTPS from VPC for VPC endpoints",
                "from_port": 443,
                "ipv6_cidr_blocks": [],
                "prefix_list_ids": [],
                "protocol": "tcp",
                "security_groups": [],
                "self": false,
                "to_port": 443
              }
            ],
            "name": "mrb-lambda-sg",
            "name_prefix": "",
            "owner_id": "491696534851",
            "region": "us-west-2",
            "revoke_rules_on_delete": false,
            "tags": {
              "Name": "mrb-lambda-sg"
            },
            "tags_all": {
              "Name": "mrb-lambda-sg"
            },
            "timeouts": null,
            "vpc_id": "vpc-0bca063e5a0ff38c7"
          },
          "sensitive_attributes": [],
          "private": "eyJlMmJmYjczMC1lY2FhLTExZTYtOGY4OC0zNDM2M2JjN2M0YzAiOnsiY3JlYXRlIjo2MDAwMDAwMDAwMDAsImRlbGV0ZSI6OTAwMDAwMDAwMDAwfSwic2NoZW1hX3ZlcnNpb24iOiIxIn0="
        }
      ]
    },
    {
      "mode": "managed",
      "type": "aws_vpc_endpoint",
      "name": "s3",
      "provider": "provider[\"registry.terraform.io/hashicorp/aws\"]",
      "instances": [
        {
          "index_key": 0,
          "schema_version": 0,
          "attributes": {
            "arn": "arn:aws:ec2:us-west-2:491696534851:vpc-endpoint/vpce-0b1d4f39eb427a005",
            "auto_accept": null,
            "cidr_blocks": [
              "3.5.76.0/22",
              "16.12.96.0/20",
              "16.12.112.0/21",
              "3.5.80.0/21",
              "18.34.48.0/20",
              "18.34.244.0/22",
              "16.12.88.0/21",
              "52.92.128.0/17",
              "52.218.128.0/17"
            ],
            "dns_entry": [],
            "dns_options": [],
            "id": "vpce-0b1d4f39eb427a005",
            "ip_address_type": "",
            "network_interface_ids": [],
            "owner_id": "491696534851",
            "policy": "{\"Statement\":[{\"Action\":\"*\",\"Effect\":\"Allow\",\"Principal\":\"*\",\"Resource\":\"*\"}],\"Version\":\"2008-10-17\"}",
            "prefix_list_id": "pl-68a54001",
            "private_dns_enabled": false,
            "region": "us-west-2",
            "requester_managed": false,
            "resource_configuration_arn": "",
            "route_table_ids": [
              "rtb-0805e6de41d4ba527"
            ],
            "security_group_ids": [],
            "service_name": "com.amazonaws.us-west-2.s3",
            "service_network_arn": "",
            "service_region": "us-west-2",
            "state": "available",
            "subnet_configuration": [],
            "subnet_ids": [],
            "tags": {
              "Name": "mrb-s3-endpoint"
            },
            "tags_all": {
              "Name": "mrb-s3-endpoint"
            },
            "timeouts": null,
            "vpc_endpoint_type": "Gateway",
            "vpc_id": "vpc-0bca063e5a0ff38c7"
          },
          "sensitive_attributes": [],
          "private": "eyJlMmJmYjczMC1lY2FhLTExZTYtOGY4OC0zNDM2M2JjN2M0YzAiOnsiY3JlYXRlIjo2MDAwMDAwMDAwMDAsImRlbGV0ZSI6NjAwMDAwMDAwMDAwLCJ1cGRhdGUiOjYwMDAwMDAwMDAwMH19",
          "dependencies": [
            "data.aws_route_tables.vpc_route_tables"
          ]
        }
      ]
    },
    {
      "mode": "managed",
      "type": "aws_vpc_endpoint",
      "name": "secrets_manager",
      "provider": "provider[\"registry.terraform.io/hashicorp/aws\"]",
      "instances": [
        {
          "index_key": 0,
          "schema_version": 0,
          "attributes": {
            "arn": "arn:aws:ec2:us-west-2:491696534851:vpc-endpoint/vpce-0bcd5857c2d7e7c5a",
            "auto_accept": null,
            "cidr_blocks": [],
            "dns_entry": [
              {
                "dns_name": "vpce-0bcd5857c2d7e7c5a-726z0rn4.secretsmanager.us-west-2.vpce.amazonaws.com",
                "hosted_zone_id": "Z1YSA3EXCYUU9Z"
              },
              {
                "dns_name": "vpce-0bcd5857c2d7e7c5a-726z0rn4-us-west-2b.secretsmanager.us-west-2.vpce.amazonaws.com",
                "hosted_zone_id": "Z1YSA3EXCYUU9Z"
              },
              {
                "dns_name": "vpce-0bcd5857c2d7e7c5a-726z0rn4-us-west-2a.secretsmanager.us-west-2.vpce.amazonaws.com",
                "hosted_zone_id": "Z1YSA3EXCYUU9Z"
              },
              {
                "dns_name": "secretsmanager.us-west-2.amazonaws.com",
                "hosted_zone_id": "Z04840373IH4BFN7RIIDT"
              }
            ],
            "dns_options": [
              {
                "dns_record_ip_type": "ipv4",
                "private_dns_only_for_inbound_resolver_endpoint": false
              }
            ],
            "id": "vpce-0bcd5857c2d7e7c5a",
            "ip_address_type": "ipv4",
            "network_interface_ids": [
              "eni-06157aa0d49c43223",
              "eni-0efc73e41b51ce9b6"
            ],
            "owner_id": "491696534851",
            "policy": "{\"Statement\":[{\"Action\":\"*\",\"Effect\":\"Allow\",\"Principal\":\"*\",\"Resource\":\"*\"}]}",
            "prefix_list_id": null,
            "private_dns_enabled": true,
            "region": "us-west-2",
            "requester_managed": false,
            "resource_configuration_arn": "",
            "route_table_ids": [],
            "security_group_ids": [
              "sg-0211126b569d4d1a5"
            ],
            "service_name": "com.amazonaws.us-west-2.secretsmanager",
            "service_network_arn": "",
            "service_region": "us-west-2",
            "state": "available",
            "subnet_configuration": [
              {
                "ipv4": "10.0.1.118",
                "ipv6": "",
                "subnet_id": "subnet-022be9ea4ac9e10eb"
              },
              {
                "ipv4": "10.0.2.61",
                "ipv6": "",
                "subnet_id": "subnet-032e887c9ef595bd6"
              }
            ],
            "subnet_ids": [
              "subnet-022be9ea4ac9e10eb",
              "subnet-032e887c9ef595bd6"
            ],
            "tags": {
              "Name": "mrb-secretsmanager-endpoint"
            },
            "tags_all": {
              "Name": "mrb-secretsmanager-endpoint"
            },
            "timeouts": null,
            "vpc_endpoint_type": "Interface",
            "vpc_id": "vpc-0bca063e5a0ff38c7"
          },
          "sensitive_attributes": [],
          "private": "eyJlMmJmYjczMC1lY2FhLTExZTYtOGY4OC0zNDM2M2JjN2M0YzAiOnsiY3JlYXRlIjo2MDAwMDAwMDAwMDAsImRlbGV0ZSI6NjAwMDAwMDAwMDAwLCJ1cGRhdGUiOjYwMDAwMDAwMDAwMH19",
          "dependencies": [
            "aws_security_group.lambda_sg"
          ]
        }
      ]
    },
    {
      "mode": "managed",
      "type": "mongodbatlas_cluster",
      "name": "momsrecipebox_cluster",
      "provider": "provider[\"registry.terraform.io/mongodb/mongodbatlas\"]",
      "instances": [
        {
          "schema_version": 1,
          "attributes": {
            "accept_data_risks_and_force_replica_set_reconfig": "",
            "advanced_configuration": [
              {
                "default_read_concern": "",
                "default_write_concern": "",
                "fail_index_key_too_long": false,
                "javascript_enabled": true,
                "minimum_enabled_tls_protocol": "TLS1_2",
                "no_table_scan": false,
                "oplog_min_retention_hours": 0,
                "oplog_size_mb": 0,
                "sample_refresh_interval_bi_connector": 0,
                "sample_size_bi_connector": 0,
                "transaction_lifetime_limit_seconds": 0
              }
            ],
            "auto_scaling_compute_enabled": false,
            "auto_scaling_compute_scale_down_enabled": false,
            "auto_scaling_disk_gb_enabled": false,
            "backing_provider_name": "AWS",
            "backup_enabled": false,
            "bi_connector_config": [
              {
                "enabled": false,
                "read_preference": "secondary"
              }
            ],
            "cloud_backup": false,
            "cluster_id": "68c73a795bdcd15ec2dcb500",
            "cluster_type": "REPLICASET",
            "connection_strings": [
              {
                "private": "",
                "private_endpoint": [],
                "private_srv": "",
                "standard": "mongodb://ac-lnet2oz-shard-00-00.vohcix5.mongodb.net:27017,ac-lnet2oz-shard-00-01.vohcix5.mongodb.net:27017,ac-lnet2oz-shard-00-02.vohcix5.mongodb.net:27017/?ssl=true\u0026authSource=admin\u0026replicaSet=atlas-sep5dq-shard-0",
                "standard_srv": "mongodb+srv://momsrecipebox-cluster.vohcix5.mongodb.net"
              }
            ],
            "container_id": null,
            "disk_size_gb": 0.5,
            "encryption_at_rest_provider": "NONE",
            "id": "Y2x1c3Rlcl9pZA==:NjhjNzNhNzk1YmRjZDE1ZWMyZGNiNTAw-Y2x1c3Rlcl9uYW1l:bW9tc3JlY2lwZWJveC1jbHVzdGVy-cHJvamVjdF9pZA==:NjhjNWZlOTgzM2FiMTg1NGYyMDMxMDU3-cHJvdmlkZXJfbmFtZQ==:VEVOQU5U",
            "labels": [],
            "mongo_db_major_version": "8.0",
            "mongo_db_version": "8.0.13",
            "mongo_uri": "mongodb://ac-lnet2oz-shard-00-00.vohcix5.mongodb.net:27017,ac-lnet2oz-shard-00-01.vohcix5.mongodb.net:27017,ac-lnet2oz-shard-00-02.vohcix5.mongodb.net:27017",
            "mongo_uri_updated": "2025-09-14T21:58:37Z",
            "mongo_uri_with_options": "mongodb://ac-lnet2oz-shard-00-00.vohcix5.mongodb.net:27017,ac-lnet2oz-shard-00-01.vohcix5.mongodb.net:27017,ac-lnet2oz-shard-00-02.vohcix5.mongodb.net:27017/?ssl=true\u0026authSource=admin\u0026replicaSet=atlas-sep5dq-shard-0",
            "name": "momsrecipebox-cluster",
            "num_shards": 1,
            "paused": false,
            "pit_enabled": false,
            "project_id": "68c5fe9833ab1854f2031057",
            "provider_auto_scaling_compute_max_instance_size": "",
            "provider_auto_scaling_compute_min_instance_size": "",
            "provider_disk_iops": null,
            "provider_disk_type_name": "",
            "provider_encrypt_ebs_volume": null,
            "provider_encrypt_ebs_volume_flag": null,
            "provider_instance_size_name": "M0",
            "provider_name": "TENANT",
            "provider_region_name": "US_WEST_2",
            "provider_volume_type": "",
            "replication_factor": 3,
            "replication_specs": [
              {
                "id": "68c73a795bdcd15ec2dcb4a1",
                "num_shards": 1,
                "regions_config": [
                  {
                    "analytics_nodes": 0,
                    "electable_nodes": 3,
                    "priority": 7,
                    "read_only_nodes": 0,
                    "region_name": "US_WEST_2"
                  }
                ],
                "zone_name": "Zone 1"
              }
            ],
            "retain_backups_enabled": null,
            "snapshot_backup_policy": [],
            "srv_address": "mongodb+srv://momsrecipebox-cluster.vohcix5.mongodb.net",
            "state_name": "IDLE",
            "tags": [],
            "termination_protection_enabled": false,
            "timeouts": null,
            "version_release_system": "LTS"
          },
          "sensitive_attributes": [],
          "private": "eyJlMmJmYjczMC1lY2FhLTExZTYtOGY4OC0zNDM2M2JjN2M0YzAiOnsiY3JlYXRlIjoxMDgwMDAwMDAwMDAwMCwiZGVsZXRlIjoxMDgwMDAwMDAwMDAwMCwidXBkYXRlIjoxMDgwMDAwMDAwMDAwMH0sInNjaGVtYV92ZXJzaW9uIjoiMSJ9"
        }
      ]
    },
    {
      "mode": "managed",
      "type": "mongodbatlas_database_user",
      "name": "momsrecipebox_user",
      "provider": "provider[\"registry.terraform.io/mongodb/mongodbatlas\"]",
      "instances": [
        {
          "schema_version": 0,
          "attributes": {
            "auth_database_name": "admin",
            "aws_iam_type": "NONE",
            "id": "YXV0aF9kYXRhYmFzZV9uYW1l:YWRtaW4=-cHJvamVjdF9pZA==:NjhjNWZlOTgzM2FiMTg1NGYyMDMxMDU3-dXNlcm5hbWU=:bXJiYXBw",
            "labels": [],
            "ldap_auth_type": "NONE",
            "oidc_auth_type": "NONE",
            "password": "zjF5MNeHDeCs9@XBzjF5MNeHDeCs9@XB",
            "project_id": "68c5fe9833ab1854f2031057",
            "roles": [
              {
                "collection_name": null,
                "database_name": "admin",
                "role_name": "readWrite"
              },
              {
                "collection_name": null,
                "database_name": "moms_recipe_box",
                "role_name": "readWrite"
              },
              {
                "collection_name": null,
                "database_name": "moms_recipe_box_dev",
                "role_name": "readWrite"
              }
            ],
            "scopes": [],
            "username": "mrbapp",
            "x509_type": "NONE"
          },
          "sensitive_attributes": [
            [
              {
                "type": "get_attr",
                "value": "password"
              }
            ]
          ]
        }
      ]
    },
    {
      "mode": "managed",
      "type": "mongodbatlas_project_ip_access_list",
      "name": "app_ip_list",
      "provider": "provider[\"registry.terraform.io/mongodb/mongodbatlas\"]",
      "instances": [
        {
          "schema_version": 0,
          "attributes": {
            "aws_security_group": "",
            "cidr_block": "71.33.151.134/32",
            "comment": "Development access",
            "id": "ZW50cnk=:NzEuMzMuMTUxLjEzNC8zMg==-cHJvamVjdF9pZA==:NjhjNWZlOTgzM2FiMTg1NGYyMDMxMDU3",
            "ip_address": "71.33.151.134",
            "project_id": "68c5fe9833ab1854f2031057",
            "timeouts": null
          },
          "sensitive_attributes": []
        }
      ]
    },
    {
      "mode": "managed",
      "type": "mongodbatlas_project_ip_access_list",
      "name": "lambda_internet",
      "provider": "provider[\"registry.terraform.io/mongodb/mongodbatlas\"]",
      "instances": [
        {
          "schema_version": 0,
          "attributes": {
            "aws_security_group": "",
            "cidr_block": "0.0.0.0/0",
            "comment": "Lambda internet access (outside VPC)",
            "id": "ZW50cnk=:MC4wLjAuMC8w-cHJvamVjdF9pZA==:NjhjNWZlOTgzM2FiMTg1NGYyMDMxMDU3",
            "ip_address": "",
            "project_id": "68c5fe9833ab1854f2031057",
            "timeouts": null
          },
          "sensitive_attributes": []
        }
      ]
    }
  ],
  "check_results": null
}
